// !$*UTF8*$!
{
	archiveVersion = 1;
	classes = {
	};
	objectVersion = 56;
	objects = {

/* Begin PBXBuildFile section */
		51887AE72A12232F0015EF88 /* OnboardingView.swift in Sources */ = {isa = PBXBuildFile; fileRef = 51887AE62A12232F0015EF88 /* OnboardingView.swift */; };
		5191CFBD2A4ADD9A00881DC0 /* onboarding_4.json in Resources */ = {isa = PBXBuildFile; fileRef = 5191CFBC2A4ADD9A00881DC0 /* onboarding_4.json */; };
		51C204AE2A4AE14900A0A8F5 /* onboarding_2.json in Resources */ = {isa = PBXBuildFile; fileRef = 51C204AD2A4AE14900A0A8F5 /* onboarding_2.json */; };
		51D817182A08E59F00B84E6A /* WriteComplimentView.swift in Sources */ = {isa = PBXBuildFile; fileRef = 51D817172A08E59F00B84E6A /* WriteComplimentView.swift */; };
		701094A62A0FA83D0019DEED /* cardBeforeAnimation.json in Resources */ = {isa = PBXBuildFile; fileRef = 701094A52A0FA83D0019DEED /* cardBeforeAnimation.json */; };
		70385ED12A07DFEE001CDAB0 /* Color+Asset.swift in Sources */ = {isa = PBXBuildFile; fileRef = 70385ED02A07DFEE001CDAB0 /* Color+Asset.swift */; };
		70385ED32A07E00F001CDAB0 /* Color.xcassets in Resources */ = {isa = PBXBuildFile; fileRef = 70385ED22A07E00F001CDAB0 /* Color.xcassets */; };
		70385EDA2A07E60B001CDAB0 /* Date+FormatWithDot.swift in Sources */ = {isa = PBXBuildFile; fileRef = 70385ED92A07E60B001CDAB0 /* Date+FormatWithDot.swift */; };
		70815E812A08950900DBE5B0 /* Persistence.swift in Sources */ = {isa = PBXBuildFile; fileRef = 70815E7E2A08950900DBE5B0 /* Persistence.swift */; };
		70815E822A08950900DBE5B0 /* ChingguModel.xcdatamodeld in Sources */ = {isa = PBXBuildFile; fileRef = 70815E7F2A08950900DBE5B0 /* ChingguModel.xcdatamodeld */; };
		70875F542B7C51E3008690EC /* CoreDataManager.swift in Sources */ = {isa = PBXBuildFile; fileRef = 70875F532B7C51E3008690EC /* CoreDataManager.swift */; };
		70875F562B7C5D73008690EC /* ArchivingViewModel.swift in Sources */ = {isa = PBXBuildFile; fileRef = 70875F552B7C5D73008690EC /* ArchivingViewModel.swift */; };
		70875FC72B7F0B75008690EC /* CoreDataTests.swift in Sources */ = {isa = PBXBuildFile; fileRef = 70875FC62B7F0B75008690EC /* CoreDataTests.swift */; };
		70875FD02B808582008690EC /* ArchivingDetailViewModel.swift in Sources */ = {isa = PBXBuildFile; fileRef = 70875FCF2B808582008690EC /* ArchivingDetailViewModel.swift */; };
		70875FD22B80DE01008690EC /* TowardsButtonDirection.swift in Sources */ = {isa = PBXBuildFile; fileRef = 70875FD12B80DE01008690EC /* TowardsButtonDirection.swift */; };
		70875FD72B80E24B008690EC /* CardViewModel.swift in Sources */ = {isa = PBXBuildFile; fileRef = 70875FD62B80E24B008690EC /* CardViewModel.swift */; };
		70875FD92B80E442008690EC /* CardViewConstants.swift in Sources */ = {isa = PBXBuildFile; fileRef = 70875FD82B80E442008690EC /* CardViewConstants.swift */; };
		70875FDD2B80E7D8008690EC /* Quote.swift in Sources */ = {isa = PBXBuildFile; fileRef = 70875FDC2B80E7D8008690EC /* Quote.swift */; };
		70875FE12B80E8FD008690EC /* CardFullScreenViewModel.swift in Sources */ = {isa = PBXBuildFile; fileRef = 70875FE02B80E8FD008690EC /* CardFullScreenViewModel.swift */; };
		70875FE32B810006008690EC /* InfoPopupViewModel.swift in Sources */ = {isa = PBXBuildFile; fileRef = 70875FE22B810006008690EC /* InfoPopupViewModel.swift */; };
		70875FE52B8107A9008690EC /* AlertModel.swift in Sources */ = {isa = PBXBuildFile; fileRef = 70875FE42B8107A9008690EC /* AlertModel.swift */; };
		70875FE72B8107D8008690EC /* ComplimentTips.swift in Sources */ = {isa = PBXBuildFile; fileRef = 70875FE62B8107D8008690EC /* ComplimentTips.swift */; };
		70875FE92B810816008690EC /* Onboardings.swift in Sources */ = {isa = PBXBuildFile; fileRef = 70875FE82B810816008690EC /* Onboardings.swift */; };
		70875FEB2B810882008690EC /* WriteComplimentViewModel.swift in Sources */ = {isa = PBXBuildFile; fileRef = 70875FEA2B810882008690EC /* WriteComplimentViewModel.swift */; };
		70875FED2B8108B2008690EC /* OnboardingViewModel.swift in Sources */ = {isa = PBXBuildFile; fileRef = 70875FEC2B8108B2008690EC /* OnboardingViewModel.swift */; };
		70875FEF2B81090A008690EC /* TipSheetView.swift in Sources */ = {isa = PBXBuildFile; fileRef = 70875FEE2B81090A008690EC /* TipSheetView.swift */; };
		70875FF42B818A57008690EC /* MainViewModel.swift in Sources */ = {isa = PBXBuildFile; fileRef = 70875FF32B818A57008690EC /* MainViewModel.swift */; };
		70875FF62B81A5AB008690EC /* ShakeEffect.swift in Sources */ = {isa = PBXBuildFile; fileRef = 70875FF52B81A5AB008690EC /* ShakeEffect.swift */; };
		70875FF82B81FB67008690EC /* ComplimentBoxController.swift in Sources */ = {isa = PBXBuildFile; fileRef = 70875FF72B81FB67008690EC /* ComplimentBoxController.swift */; };
		70875FFA2B81FC16008690EC /* ComplimentBoxTests.swift in Sources */ = {isa = PBXBuildFile; fileRef = 70875FF92B81FC16008690EC /* ComplimentBoxTests.swift */; };
		70B8FBA72A0D119B005B8366 /* ComplimentEntity+CoreDataClass.swift in Sources */ = {isa = PBXBuildFile; fileRef = 70B8FBA52A0D119B005B8366 /* ComplimentEntity+CoreDataClass.swift */; };
		70B8FBA82A0D119B005B8366 /* ComplimentEntity+CoreDataProperties.swift in Sources */ = {isa = PBXBuildFile; fileRef = 70B8FBA62A0D119B005B8366 /* ComplimentEntity+CoreDataProperties.swift */; };
		70BD12BF2A3F066600BF252F /* ArchivingConstants.swift in Sources */ = {isa = PBXBuildFile; fileRef = 70BD12BE2A3F066600BF252F /* ArchivingConstants.swift */; };
		70C7977B2A04357F00E2E3AF /* CardView.swift in Sources */ = {isa = PBXBuildFile; fileRef = 70C797782A04357F00E2E3AF /* CardView.swift */; };
		70C7977C2A04357F00E2E3AF /* CardFullScreenView.swift in Sources */ = {isa = PBXBuildFile; fileRef = 70C797792A04357F00E2E3AF /* CardFullScreenView.swift */; };
		70C7977D2A04357F00E2E3AF /* CardPopupView.swift in Sources */ = {isa = PBXBuildFile; fileRef = 70C7977A2A04357F00E2E3AF /* CardPopupView.swift */; };
		70D706062A0FFFF0001D9203 /* Popup.swift in Sources */ = {isa = PBXBuildFile; fileRef = 70D706052A0FFFF0001D9203 /* Popup.swift */; };
		70E68F0F2A0A888C00258A10 /* Lottie in Frameworks */ = {isa = PBXBuildFile; productRef = 70E68F0E2A0A888C00258A10 /* Lottie */; };
		70E68F122A0A906500258A10 /* cardAnimation.json in Resources */ = {isa = PBXBuildFile; fileRef = 70E68F112A0A906500258A10 /* cardAnimation.json */; };
		70E68F142A0A95FD00258A10 /* LottieView.swift in Sources */ = {isa = PBXBuildFile; fileRef = 70E68F132A0A95FD00258A10 /* LottieView.swift */; };
		A937298B2A0F6E5C00C79C04 /* onboarding_1.json in Resources */ = {isa = PBXBuildFile; fileRef = A93729812A0F6E5C00C79C04 /* onboarding_1.json */; };
		A937298C2A0F6E5C00C79C04 /* onboarding_3.json in Resources */ = {isa = PBXBuildFile; fileRef = A93729822A0F6E5C00C79C04 /* onboarding_3.json */; };
		A937298F2A0F6E5C00C79C04 /* onboarding_5.json in Resources */ = {isa = PBXBuildFile; fileRef = A93729852A0F6E5C00C79C04 /* onboarding_5.json */; };
		AE2CB02E2A9F705F00D6AD65 /* Weekday.swift in Sources */ = {isa = PBXBuildFile; fileRef = AE2CB02D2A9F705F00D6AD65 /* Weekday.swift */; };
		AE2CB0332AA056B300D6AD65 /* HapticManager.swift in Sources */ = {isa = PBXBuildFile; fileRef = AE2CB0322AA056B300D6AD65 /* HapticManager.swift */; };
		AE2CB0362AA059A300D6AD65 /* GameScene.swift in Sources */ = {isa = PBXBuildFile; fileRef = AE2CB0352AA059A300D6AD65 /* GameScene.swift */; };
		AE2CB0382AA0859600D6AD65 /* Weekday+Today.swift in Sources */ = {isa = PBXBuildFile; fileRef = AE2CB0372AA0859600D6AD65 /* Weekday+Today.swift */; };
		AE37D5352A039605009B0F56 /* ChingguApp.swift in Sources */ = {isa = PBXBuildFile; fileRef = AE37D5342A039605009B0F56 /* ChingguApp.swift */; };
		AE37D5372A039605009B0F56 /* ContentView.swift in Sources */ = {isa = PBXBuildFile; fileRef = AE37D5362A039605009B0F56 /* ContentView.swift */; };
		AE37D5392A039606009B0F56 /* Assets.xcassets in Resources */ = {isa = PBXBuildFile; fileRef = AE37D5382A039606009B0F56 /* Assets.xcassets */; };
		AE37D53C2A039606009B0F56 /* Preview Assets.xcassets in Resources */ = {isa = PBXBuildFile; fileRef = AE37D53B2A039606009B0F56 /* Preview Assets.xcassets */; };
		AE37D5452A063BD3009B0F56 /* MainView.swift in Sources */ = {isa = PBXBuildFile; fileRef = AE37D5442A063BD3009B0F56 /* MainView.swift */; };
		AE9537702A12245E00C6F5FF /* InfoPopupView.swift in Sources */ = {isa = PBXBuildFile; fileRef = AE95376F2A12245E00C6F5FF /* InfoPopupView.swift */; };
		FB6D0BC92A0A287200220360 /* ArchivingView.swift in Sources */ = {isa = PBXBuildFile; fileRef = FB6D0BC82A0A287200220360 /* ArchivingView.swift */; };
		FB6D0BCB2A0A35AD00220360 /* ArchivingDetailView.swift in Sources */ = {isa = PBXBuildFile; fileRef = FB6D0BCA2A0A35AD00220360 /* ArchivingDetailView.swift */; };
		FBB8CFD92A0B908E00210F90 /* ArchivingCard.swift in Sources */ = {isa = PBXBuildFile; fileRef = FBB8CFD82A0B908E00210F90 /* ArchivingCard.swift */; };
/* End PBXBuildFile section */

/* Begin PBXContainerItemProxy section */
		70875FC82B7F0B75008690EC /* PBXContainerItemProxy */ = {
			isa = PBXContainerItemProxy;
			containerPortal = AE37D5292A039605009B0F56 /* Project object */;
			proxyType = 1;
			remoteGlobalIDString = AE37D5302A039605009B0F56;
			remoteInfo = Chinggu;
		};
/* End PBXContainerItemProxy section */

/* Begin PBXFileReference section */
		51887AE62A12232F0015EF88 /* OnboardingView.swift */ = {isa = PBXFileReference; lastKnownFileType = sourcecode.swift; name = OnboardingView.swift; path = Chinggu/View/Onboard/OnboardingView.swift; sourceTree = SOURCE_ROOT; };
		5191CFBC2A4ADD9A00881DC0 /* onboarding_4.json */ = {isa = PBXFileReference; fileEncoding = 4; lastKnownFileType = text.json; path = onboarding_4.json; sourceTree = "<group>"; };
		51C204AD2A4AE14900A0A8F5 /* onboarding_2.json */ = {isa = PBXFileReference; fileEncoding = 4; lastKnownFileType = text.json; path = onboarding_2.json; sourceTree = "<group>"; };
		51D817172A08E59F00B84E6A /* WriteComplimentView.swift */ = {isa = PBXFileReference; lastKnownFileType = sourcecode.swift; path = WriteComplimentView.swift; sourceTree = "<group>"; };
		701094A52A0FA83D0019DEED /* cardBeforeAnimation.json */ = {isa = PBXFileReference; fileEncoding = 4; lastKnownFileType = text.json; path = cardBeforeAnimation.json; sourceTree = "<group>"; };
		70385ED02A07DFEE001CDAB0 /* Color+Asset.swift */ = {isa = PBXFileReference; lastKnownFileType = sourcecode.swift; path = "Color+Asset.swift"; sourceTree = "<group>"; };
		70385ED22A07E00F001CDAB0 /* Color.xcassets */ = {isa = PBXFileReference; lastKnownFileType = folder.assetcatalog; path = Color.xcassets; sourceTree = "<group>"; };
		70385ED92A07E60B001CDAB0 /* Date+FormatWithDot.swift */ = {isa = PBXFileReference; lastKnownFileType = sourcecode.swift; path = "Date+FormatWithDot.swift"; sourceTree = "<group>"; };
		70815E7E2A08950900DBE5B0 /* Persistence.swift */ = {isa = PBXFileReference; fileEncoding = 4; lastKnownFileType = sourcecode.swift; path = Persistence.swift; sourceTree = "<group>"; };
		70815E802A08950900DBE5B0 /* ComplimentModel.xcdatamodel */ = {isa = PBXFileReference; lastKnownFileType = wrapper.xcdatamodel; path = ComplimentModel.xcdatamodel; sourceTree = "<group>"; };
		70875F532B7C51E3008690EC /* CoreDataManager.swift */ = {isa = PBXFileReference; lastKnownFileType = sourcecode.swift; path = CoreDataManager.swift; sourceTree = "<group>"; };
		70875F552B7C5D73008690EC /* ArchivingViewModel.swift */ = {isa = PBXFileReference; lastKnownFileType = sourcecode.swift; path = ArchivingViewModel.swift; sourceTree = "<group>"; };
		70875FC42B7F0B75008690EC /* ChingguTests.xctest */ = {isa = PBXFileReference; explicitFileType = wrapper.cfbundle; includeInIndex = 0; path = ChingguTests.xctest; sourceTree = BUILT_PRODUCTS_DIR; };
		70875FC62B7F0B75008690EC /* CoreDataTests.swift */ = {isa = PBXFileReference; lastKnownFileType = sourcecode.swift; path = CoreDataTests.swift; sourceTree = "<group>"; };
		70875FCF2B808582008690EC /* ArchivingDetailViewModel.swift */ = {isa = PBXFileReference; lastKnownFileType = sourcecode.swift; path = ArchivingDetailViewModel.swift; sourceTree = "<group>"; };
		70875FD12B80DE01008690EC /* TowardsButtonDirection.swift */ = {isa = PBXFileReference; lastKnownFileType = sourcecode.swift; path = TowardsButtonDirection.swift; sourceTree = "<group>"; };
		70875FD62B80E24B008690EC /* CardViewModel.swift */ = {isa = PBXFileReference; lastKnownFileType = sourcecode.swift; path = CardViewModel.swift; sourceTree = "<group>"; };
		70875FD82B80E442008690EC /* CardViewConstants.swift */ = {isa = PBXFileReference; lastKnownFileType = sourcecode.swift; path = CardViewConstants.swift; sourceTree = "<group>"; };
		70875FDC2B80E7D8008690EC /* Quote.swift */ = {isa = PBXFileReference; lastKnownFileType = sourcecode.swift; path = Quote.swift; sourceTree = "<group>"; };
		70875FE02B80E8FD008690EC /* CardFullScreenViewModel.swift */ = {isa = PBXFileReference; lastKnownFileType = sourcecode.swift; path = CardFullScreenViewModel.swift; sourceTree = "<group>"; };
		70875FE22B810006008690EC /* InfoPopupViewModel.swift */ = {isa = PBXFileReference; lastKnownFileType = sourcecode.swift; path = InfoPopupViewModel.swift; sourceTree = "<group>"; };
		70875FE42B8107A9008690EC /* AlertModel.swift */ = {isa = PBXFileReference; lastKnownFileType = sourcecode.swift; path = AlertModel.swift; sourceTree = "<group>"; };
		70875FE62B8107D8008690EC /* ComplimentTips.swift */ = {isa = PBXFileReference; lastKnownFileType = sourcecode.swift; path = ComplimentTips.swift; sourceTree = "<group>"; };
		70875FE82B810816008690EC /* Onboardings.swift */ = {isa = PBXFileReference; lastKnownFileType = sourcecode.swift; path = Onboardings.swift; sourceTree = "<group>"; };
		70875FEA2B810882008690EC /* WriteComplimentViewModel.swift */ = {isa = PBXFileReference; lastKnownFileType = sourcecode.swift; path = WriteComplimentViewModel.swift; sourceTree = "<group>"; };
		70875FEC2B8108B2008690EC /* OnboardingViewModel.swift */ = {isa = PBXFileReference; lastKnownFileType = sourcecode.swift; path = OnboardingViewModel.swift; sourceTree = "<group>"; };
		70875FEE2B81090A008690EC /* TipSheetView.swift */ = {isa = PBXFileReference; lastKnownFileType = sourcecode.swift; path = TipSheetView.swift; sourceTree = "<group>"; };
		70875FF32B818A57008690EC /* MainViewModel.swift */ = {isa = PBXFileReference; lastKnownFileType = sourcecode.swift; path = MainViewModel.swift; sourceTree = "<group>"; };
		70875FF52B81A5AB008690EC /* ShakeEffect.swift */ = {isa = PBXFileReference; lastKnownFileType = sourcecode.swift; path = ShakeEffect.swift; sourceTree = "<group>"; };
		70875FF72B81FB67008690EC /* ComplimentBoxController.swift */ = {isa = PBXFileReference; lastKnownFileType = sourcecode.swift; path = ComplimentBoxController.swift; sourceTree = "<group>"; };
		70875FF92B81FC16008690EC /* ComplimentBoxTests.swift */ = {isa = PBXFileReference; lastKnownFileType = sourcecode.swift; path = ComplimentBoxTests.swift; sourceTree = "<group>"; };
		70B8FBA52A0D119B005B8366 /* ComplimentEntity+CoreDataClass.swift */ = {isa = PBXFileReference; lastKnownFileType = sourcecode.swift; path = "ComplimentEntity+CoreDataClass.swift"; sourceTree = "<group>"; };
		70B8FBA62A0D119B005B8366 /* ComplimentEntity+CoreDataProperties.swift */ = {isa = PBXFileReference; lastKnownFileType = sourcecode.swift; path = "ComplimentEntity+CoreDataProperties.swift"; sourceTree = "<group>"; };
		70B9BFDB2A44B9E700F2DDC7 /* Info.plist */ = {isa = PBXFileReference; lastKnownFileType = text.plist.xml; path = Info.plist; sourceTree = "<group>"; };
		70BD12BE2A3F066600BF252F /* ArchivingConstants.swift */ = {isa = PBXFileReference; lastKnownFileType = sourcecode.swift; path = ArchivingConstants.swift; sourceTree = "<group>"; };
		70C797782A04357F00E2E3AF /* CardView.swift */ = {isa = PBXFileReference; fileEncoding = 4; lastKnownFileType = sourcecode.swift; path = CardView.swift; sourceTree = "<group>"; };
		70C797792A04357F00E2E3AF /* CardFullScreenView.swift */ = {isa = PBXFileReference; fileEncoding = 4; lastKnownFileType = sourcecode.swift; path = CardFullScreenView.swift; sourceTree = "<group>"; };
		70C7977A2A04357F00E2E3AF /* CardPopupView.swift */ = {isa = PBXFileReference; fileEncoding = 4; lastKnownFileType = sourcecode.swift; path = CardPopupView.swift; sourceTree = "<group>"; };
		70D706052A0FFFF0001D9203 /* Popup.swift */ = {isa = PBXFileReference; lastKnownFileType = sourcecode.swift; path = Popup.swift; sourceTree = "<group>"; };
		70E68F112A0A906500258A10 /* cardAnimation.json */ = {isa = PBXFileReference; fileEncoding = 4; lastKnownFileType = text.json; path = cardAnimation.json; sourceTree = "<group>"; };
		70E68F132A0A95FD00258A10 /* LottieView.swift */ = {isa = PBXFileReference; fileEncoding = 4; lastKnownFileType = sourcecode.swift; path = LottieView.swift; sourceTree = "<group>"; };
		A93729812A0F6E5C00C79C04 /* onboarding_1.json */ = {isa = PBXFileReference; fileEncoding = 4; lastKnownFileType = text.json; path = onboarding_1.json; sourceTree = "<group>"; };
		A93729822A0F6E5C00C79C04 /* onboarding_3.json */ = {isa = PBXFileReference; fileEncoding = 4; lastKnownFileType = text.json; path = onboarding_3.json; sourceTree = "<group>"; };
		A93729852A0F6E5C00C79C04 /* onboarding_5.json */ = {isa = PBXFileReference; fileEncoding = 4; lastKnownFileType = text.json; path = onboarding_5.json; sourceTree = "<group>"; };
		AE2CB02D2A9F705F00D6AD65 /* Weekday.swift */ = {isa = PBXFileReference; lastKnownFileType = sourcecode.swift; path = Weekday.swift; sourceTree = "<group>"; };
		AE2CB0322AA056B300D6AD65 /* HapticManager.swift */ = {isa = PBXFileReference; lastKnownFileType = sourcecode.swift; path = HapticManager.swift; sourceTree = "<group>"; };
		AE2CB0352AA059A300D6AD65 /* GameScene.swift */ = {isa = PBXFileReference; lastKnownFileType = sourcecode.swift; path = GameScene.swift; sourceTree = "<group>"; };
		AE2CB0372AA0859600D6AD65 /* Weekday+Today.swift */ = {isa = PBXFileReference; lastKnownFileType = sourcecode.swift; path = "Weekday+Today.swift"; sourceTree = "<group>"; };
		AE37D5312A039605009B0F56 /* Chinggu.app */ = {isa = PBXFileReference; explicitFileType = wrapper.application; includeInIndex = 0; path = Chinggu.app; sourceTree = BUILT_PRODUCTS_DIR; };
		AE37D5342A039605009B0F56 /* ChingguApp.swift */ = {isa = PBXFileReference; lastKnownFileType = sourcecode.swift; path = ChingguApp.swift; sourceTree = "<group>"; };
		AE37D5362A039605009B0F56 /* ContentView.swift */ = {isa = PBXFileReference; lastKnownFileType = sourcecode.swift; path = ContentView.swift; sourceTree = "<group>"; };
		AE37D5382A039606009B0F56 /* Assets.xcassets */ = {isa = PBXFileReference; lastKnownFileType = folder.assetcatalog; path = Assets.xcassets; sourceTree = "<group>"; };
		AE37D53B2A039606009B0F56 /* Preview Assets.xcassets */ = {isa = PBXFileReference; lastKnownFileType = folder.assetcatalog; path = "Preview Assets.xcassets"; sourceTree = "<group>"; };
		AE37D5442A063BD3009B0F56 /* MainView.swift */ = {isa = PBXFileReference; lastKnownFileType = sourcecode.swift; path = MainView.swift; sourceTree = "<group>"; };
		AE95376F2A12245E00C6F5FF /* InfoPopupView.swift */ = {isa = PBXFileReference; lastKnownFileType = sourcecode.swift; path = InfoPopupView.swift; sourceTree = "<group>"; };
		FB6D0BC82A0A287200220360 /* ArchivingView.swift */ = {isa = PBXFileReference; lastKnownFileType = sourcecode.swift; path = ArchivingView.swift; sourceTree = "<group>"; };
		FB6D0BCA2A0A35AD00220360 /* ArchivingDetailView.swift */ = {isa = PBXFileReference; lastKnownFileType = sourcecode.swift; path = ArchivingDetailView.swift; sourceTree = "<group>"; };
		FBB8CFD82A0B908E00210F90 /* ArchivingCard.swift */ = {isa = PBXFileReference; lastKnownFileType = sourcecode.swift; path = ArchivingCard.swift; sourceTree = "<group>"; };
/* End PBXFileReference section */

/* Begin PBXFrameworksBuildPhase section */
		70875FC12B7F0B75008690EC /* Frameworks */ = {
			isa = PBXFrameworksBuildPhase;
			buildActionMask = 2147483647;
			files = (
			);
			runOnlyForDeploymentPostprocessing = 0;
		};
		AE37D52E2A039605009B0F56 /* Frameworks */ = {
			isa = PBXFrameworksBuildPhase;
			buildActionMask = 2147483647;
			files = (
				70E68F0F2A0A888C00258A10 /* Lottie in Frameworks */,
			);
			runOnlyForDeploymentPostprocessing = 0;
		};
/* End PBXFrameworksBuildPhase section */

/* Begin PBXGroup section */
		701094A72A0FF83C0019DEED /* View */ = {
			isa = PBXGroup;
			children = (
				AE2CB0342AA0590200D6AD65 /* Main */,
				A93728C52A0F6DCD00C79C04 /* Onboard */,
				70875FF02B810A33008690EC /* WriteCompliment */,
				70C797722A042FF400E2E3AF /* Card */,
				FBB8CFD72A0B836E00210F90 /* Archiving */,
			);
			path = View;
			sourceTree = "<group>";
		};
		70385ECF2A07DFDD001CDAB0 /* Utilities */ = {
			isa = PBXGroup;
			children = (
				70875FF72B81FB67008690EC /* ComplimentBoxController.swift */,
				AE2CB0352AA059A300D6AD65 /* GameScene.swift */,
				AE2CB0322AA056B300D6AD65 /* HapticManager.swift */,
				70E68F132A0A95FD00258A10 /* LottieView.swift */,
				AE2CB02D2A9F705F00D6AD65 /* Weekday.swift */,
				AE2CB0312A9F72E000D6AD65 /* Extensions */,
				70875FDB2B80E667008690EC /* Modifiers */,
				70385ED22A07E00F001CDAB0 /* Color.xcassets */,
				AE37D5382A039606009B0F56 /* Assets.xcassets */,
			);
			path = Utilities;
			sourceTree = "<group>";
		};
		70815E7D2A08950900DBE5B0 /* Models */ = {
			isa = PBXGroup;
			children = (
				70875FDC2B80E7D8008690EC /* Quote.swift */,
				70875FE42B8107A9008690EC /* AlertModel.swift */,
				70875FE62B8107D8008690EC /* ComplimentTips.swift */,
				70875FE82B810816008690EC /* Onboardings.swift */,
				70875F522B7C4DF6008690EC /* CoreData */,
				70815E7F2A08950900DBE5B0 /* ChingguModel.xcdatamodeld */,
			);
			path = Models;
			sourceTree = "<group>";
		};
		70875F522B7C4DF6008690EC /* CoreData */ = {
			isa = PBXGroup;
			children = (
				70875F532B7C51E3008690EC /* CoreDataManager.swift */,
				70B8FBA52A0D119B005B8366 /* ComplimentEntity+CoreDataClass.swift */,
				70B8FBA62A0D119B005B8366 /* ComplimentEntity+CoreDataProperties.swift */,
				70815E7E2A08950900DBE5B0 /* Persistence.swift */,
			);
			path = CoreData;
			sourceTree = "<group>";
		};
		70875FC52B7F0B75008690EC /* ChingguTests */ = {
			isa = PBXGroup;
			children = (
				70875FC62B7F0B75008690EC /* CoreDataTests.swift */,
				70875FF92B81FC16008690EC /* ComplimentBoxTests.swift */,
			);
			path = ChingguTests;
			sourceTree = "<group>";
		};
		70875FD32B80DE9C008690EC /* Utilities */ = {
			isa = PBXGroup;
			children = (
				70875FD12B80DE01008690EC /* TowardsButtonDirection.swift */,
				70BD12BE2A3F066600BF252F /* ArchivingConstants.swift */,
			);
			path = Utilities;
			sourceTree = "<group>";
		};
		70875FD42B80DEB4008690EC /* ViewModel */ = {
			isa = PBXGroup;
			children = (
				70875F552B7C5D73008690EC /* ArchivingViewModel.swift */,
				70875FCF2B808582008690EC /* ArchivingDetailViewModel.swift */,
			);
			path = ViewModel;
			sourceTree = "<group>";
		};
		70875FD52B80DEC2008690EC /* View */ = {
			isa = PBXGroup;
			children = (
				FB6D0BC82A0A287200220360 /* ArchivingView.swift */,
				FB6D0BCA2A0A35AD00220360 /* ArchivingDetailView.swift */,
				FBB8CFD82A0B908E00210F90 /* ArchivingCard.swift */,
			);
			path = View;
			sourceTree = "<group>";
		};
		70875FDA2B80E621008690EC /* Utilities */ = {
			isa = PBXGroup;
			children = (
				70875FD82B80E442008690EC /* CardViewConstants.swift */,
			);
			path = Utilities;
			sourceTree = "<group>";
		};
		70875FDB2B80E667008690EC /* Modifiers */ = {
			isa = PBXGroup;
			children = (
				70D706052A0FFFF0001D9203 /* Popup.swift */,
				70875FF52B81A5AB008690EC /* ShakeEffect.swift */,
			);
			path = Modifiers;
			sourceTree = "<group>";
		};
		70875FDE2B80E817008690EC /* View */ = {
			isa = PBXGroup;
			children = (
				70C797782A04357F00E2E3AF /* CardView.swift */,
				70C7977A2A04357F00E2E3AF /* CardPopupView.swift */,
				70C797792A04357F00E2E3AF /* CardFullScreenView.swift */,
				AE95376F2A12245E00C6F5FF /* InfoPopupView.swift */,
			);
			path = View;
			sourceTree = "<group>";
		};
		70875FDF2B80E81E008690EC /* ViewModel */ = {
			isa = PBXGroup;
			children = (
				70875FE22B810006008690EC /* InfoPopupViewModel.swift */,
				70875FD62B80E24B008690EC /* CardViewModel.swift */,
				70875FE02B80E8FD008690EC /* CardFullScreenViewModel.swift */,
			);
			path = ViewModel;
			sourceTree = "<group>";
		};
		70875FF02B810A33008690EC /* WriteCompliment */ = {
			isa = PBXGroup;
			children = (
				70875FF12B810A42008690EC /* View */,
				70875FF22B810A4B008690EC /* ViewModel */,
			);
			path = WriteCompliment;
			sourceTree = "<group>";
		};
		70875FF12B810A42008690EC /* View */ = {
			isa = PBXGroup;
			children = (
				51D817172A08E59F00B84E6A /* WriteComplimentView.swift */,
				70875FEE2B81090A008690EC /* TipSheetView.swift */,
			);
			path = View;
			sourceTree = "<group>";
		};
		70875FF22B810A4B008690EC /* ViewModel */ = {
			isa = PBXGroup;
			children = (
				70875FEA2B810882008690EC /* WriteComplimentViewModel.swift */,
			);
			path = ViewModel;
			sourceTree = "<group>";
		};
		70C797722A042FF400E2E3AF /* Card */ = {
			isa = PBXGroup;
			children = (
				70875FDE2B80E817008690EC /* View */,
				70875FDF2B80E81E008690EC /* ViewModel */,
				70875FDA2B80E621008690EC /* Utilities */,
				70E68F102A0A904200258A10 /* CardLottie */,
			);
			path = Card;
			sourceTree = "<group>";
		};
		70E68F102A0A904200258A10 /* CardLottie */ = {
			isa = PBXGroup;
			children = (
				70E68F112A0A906500258A10 /* cardAnimation.json */,
				701094A52A0FA83D0019DEED /* cardBeforeAnimation.json */,
			);
			path = CardLottie;
			sourceTree = "<group>";
		};
		A93728C52A0F6DCD00C79C04 /* Onboard */ = {
			isa = PBXGroup;
			children = (
				51887AE62A12232F0015EF88 /* OnboardingView.swift */,
				70875FEC2B8108B2008690EC /* OnboardingViewModel.swift */,
				A93729642A0F6E3600C79C04 /* onboardLottie */,
			);
			path = Onboard;
			sourceTree = "<group>";
		};
		A93729642A0F6E3600C79C04 /* onboardLottie */ = {
			isa = PBXGroup;
			children = (
				A93729812A0F6E5C00C79C04 /* onboarding_1.json */,
				51C204AD2A4AE14900A0A8F5 /* onboarding_2.json */,
				A93729822A0F6E5C00C79C04 /* onboarding_3.json */,
				5191CFBC2A4ADD9A00881DC0 /* onboarding_4.json */,
				A93729852A0F6E5C00C79C04 /* onboarding_5.json */,
			);
			path = onboardLottie;
			sourceTree = "<group>";
		};
		AE2CB0312A9F72E000D6AD65 /* Extensions */ = {
			isa = PBXGroup;
			children = (
				70385ED02A07DFEE001CDAB0 /* Color+Asset.swift */,
				70385ED92A07E60B001CDAB0 /* Date+FormatWithDot.swift */,
				AE2CB0372AA0859600D6AD65 /* Weekday+Today.swift */,
			);
			path = Extensions;
			sourceTree = "<group>";
		};
		AE2CB0342AA0590200D6AD65 /* Main */ = {
			isa = PBXGroup;
			children = (
				AE37D5442A063BD3009B0F56 /* MainView.swift */,
				70875FF32B818A57008690EC /* MainViewModel.swift */,
			);
			path = Main;
			sourceTree = "<group>";
		};
		AE37D5282A039605009B0F56 = {
			isa = PBXGroup;
			children = (
				AE37D5332A039605009B0F56 /* Chinggu */,
				70875FC52B7F0B75008690EC /* ChingguTests */,
				AE37D5322A039605009B0F56 /* Products */,
			);
			sourceTree = "<group>";
		};
		AE37D5322A039605009B0F56 /* Products */ = {
			isa = PBXGroup;
			children = (
				AE37D5312A039605009B0F56 /* Chinggu.app */,
				70875FC42B7F0B75008690EC /* ChingguTests.xctest */,
			);
			name = Products;
			sourceTree = "<group>";
		};
		AE37D5332A039605009B0F56 /* Chinggu */ = {
			isa = PBXGroup;
			children = (
				70B9BFDB2A44B9E700F2DDC7 /* Info.plist */,
				AE37D5342A039605009B0F56 /* ChingguApp.swift */,
				AE37D5362A039605009B0F56 /* ContentView.swift */,
				701094A72A0FF83C0019DEED /* View */,
				70815E7D2A08950900DBE5B0 /* Models */,
				70385ECF2A07DFDD001CDAB0 /* Utilities */,
				AE37D53A2A039606009B0F56 /* Preview Content */,
			);
			path = Chinggu;
			sourceTree = "<group>";
		};
		AE37D53A2A039606009B0F56 /* Preview Content */ = {
			isa = PBXGroup;
			children = (
				AE37D53B2A039606009B0F56 /* Preview Assets.xcassets */,
			);
			path = "Preview Content";
			sourceTree = "<group>";
		};
		FBB8CFD72A0B836E00210F90 /* Archiving */ = {
			isa = PBXGroup;
			children = (
				70875FD52B80DEC2008690EC /* View */,
				70875FD42B80DEB4008690EC /* ViewModel */,
				70875FD32B80DE9C008690EC /* Utilities */,
			);
			path = Archiving;
			sourceTree = "<group>";
		};
/* End PBXGroup section */

/* Begin PBXNativeTarget section */
		70875FC32B7F0B75008690EC /* ChingguTests */ = {
			isa = PBXNativeTarget;
			buildConfigurationList = 70875FCA2B7F0B75008690EC /* Build configuration list for PBXNativeTarget "ChingguTests" */;
			buildPhases = (
				70875FC02B7F0B75008690EC /* Sources */,
				70875FC12B7F0B75008690EC /* Frameworks */,
				70875FC22B7F0B75008690EC /* Resources */,
			);
			buildRules = (
			);
			dependencies = (
				70875FC92B7F0B75008690EC /* PBXTargetDependency */,
			);
			name = ChingguTests;
			productName = ChingguTests;
			productReference = 70875FC42B7F0B75008690EC /* ChingguTests.xctest */;
			productType = "com.apple.product-type.bundle.unit-test";
		};
		AE37D5302A039605009B0F56 /* Chinggu */ = {
			isa = PBXNativeTarget;
			buildConfigurationList = AE37D53F2A039606009B0F56 /* Build configuration list for PBXNativeTarget "Chinggu" */;
			buildPhases = (
				AE37D52D2A039605009B0F56 /* Sources */,
				AE37D52E2A039605009B0F56 /* Frameworks */,
				AE37D52F2A039605009B0F56 /* Resources */,
			);
			buildRules = (
			);
			dependencies = (
			);
			name = Chinggu;
			packageProductDependencies = (
				70E68F0E2A0A888C00258A10 /* Lottie */,
			);
			productName = Chinggu;
			productReference = AE37D5312A039605009B0F56 /* Chinggu.app */;
			productType = "com.apple.product-type.application";
		};
/* End PBXNativeTarget section */

/* Begin PBXProject section */
		AE37D5292A039605009B0F56 /* Project object */ = {
			isa = PBXProject;
			attributes = {
				BuildIndependentTargetsInParallel = 1;
				LastSwiftUpdateCheck = 1500;
				LastUpgradeCheck = 1430;
				TargetAttributes = {
					70875FC32B7F0B75008690EC = {
						CreatedOnToolsVersion = 15.0.1;
						TestTargetID = AE37D5302A039605009B0F56;
					};
					AE37D5302A039605009B0F56 = {
						CreatedOnToolsVersion = 14.3;
					};
				};
			};
			buildConfigurationList = AE37D52C2A039605009B0F56 /* Build configuration list for PBXProject "Chinggu" */;
			compatibilityVersion = "Xcode 14.0";
			developmentRegion = ko;
			hasScannedForEncodings = 0;
			knownRegions = (
				ko,
				Base,
			);
			mainGroup = AE37D5282A039605009B0F56;
			packageReferences = (
				70E68F0D2A0A888C00258A10 /* XCRemoteSwiftPackageReference "lottie-ios" */,
			);
			productRefGroup = AE37D5322A039605009B0F56 /* Products */;
			projectDirPath = "";
			projectRoot = "";
			targets = (
				AE37D5302A039605009B0F56 /* Chinggu */,
				70875FC32B7F0B75008690EC /* ChingguTests */,
			);
		};
/* End PBXProject section */

/* Begin PBXResourcesBuildPhase section */
		70875FC22B7F0B75008690EC /* Resources */ = {
			isa = PBXResourcesBuildPhase;
			buildActionMask = 2147483647;
			files = (
			);
			runOnlyForDeploymentPostprocessing = 0;
		};
		AE37D52F2A039605009B0F56 /* Resources */ = {
			isa = PBXResourcesBuildPhase;
			buildActionMask = 2147483647;
			files = (
				A937298F2A0F6E5C00C79C04 /* onboarding_5.json in Resources */,
				701094A62A0FA83D0019DEED /* cardBeforeAnimation.json in Resources */,
				70E68F122A0A906500258A10 /* cardAnimation.json in Resources */,
				AE37D53C2A039606009B0F56 /* Preview Assets.xcassets in Resources */,
				A937298B2A0F6E5C00C79C04 /* onboarding_1.json in Resources */,
				AE37D5392A039606009B0F56 /* Assets.xcassets in Resources */,
				5191CFBD2A4ADD9A00881DC0 /* onboarding_4.json in Resources */,
				51C204AE2A4AE14900A0A8F5 /* onboarding_2.json in Resources */,
				70385ED32A07E00F001CDAB0 /* Color.xcassets in Resources */,
				A937298C2A0F6E5C00C79C04 /* onboarding_3.json in Resources */,
			);
			runOnlyForDeploymentPostprocessing = 0;
		};
/* End PBXResourcesBuildPhase section */

/* Begin PBXSourcesBuildPhase section */
		70875FC02B7F0B75008690EC /* Sources */ = {
			isa = PBXSourcesBuildPhase;
			buildActionMask = 2147483647;
			files = (
				70875FC72B7F0B75008690EC /* CoreDataTests.swift in Sources */,
				70875FFA2B81FC16008690EC /* ComplimentBoxTests.swift in Sources */,
			);
			runOnlyForDeploymentPostprocessing = 0;
		};
		AE37D52D2A039605009B0F56 /* Sources */ = {
			isa = PBXSourcesBuildPhase;
			buildActionMask = 2147483647;
			files = (
				FB6D0BC92A0A287200220360 /* ArchivingView.swift in Sources */,
				70875FD02B808582008690EC /* ArchivingDetailViewModel.swift in Sources */,
				AE2CB0332AA056B300D6AD65 /* HapticManager.swift in Sources */,
				FB6D0BCB2A0A35AD00220360 /* ArchivingDetailView.swift in Sources */,
				AE2CB02E2A9F705F00D6AD65 /* Weekday.swift in Sources */,
				70875FD72B80E24B008690EC /* CardViewModel.swift in Sources */,
				AE37D5372A039605009B0F56 /* ContentView.swift in Sources */,
				AE2CB0382AA0859600D6AD65 /* Weekday+Today.swift in Sources */,
				70875FE12B80E8FD008690EC /* CardFullScreenViewModel.swift in Sources */,
				FBB8CFD92A0B908E00210F90 /* ArchivingCard.swift in Sources */,
				70875FE92B810816008690EC /* Onboardings.swift in Sources */,
				70C7977B2A04357F00E2E3AF /* CardView.swift in Sources */,
				70875FD22B80DE01008690EC /* TowardsButtonDirection.swift in Sources */,
				70BD12BF2A3F066600BF252F /* ArchivingConstants.swift in Sources */,
				AE2CB0362AA059A300D6AD65 /* GameScene.swift in Sources */,
				70C7977D2A04357F00E2E3AF /* CardPopupView.swift in Sources */,
				70C7977C2A04357F00E2E3AF /* CardFullScreenView.swift in Sources */,
				70875FF62B81A5AB008690EC /* ShakeEffect.swift in Sources */,
				70875FE52B8107A9008690EC /* AlertModel.swift in Sources */,
				70875FD92B80E442008690EC /* CardViewConstants.swift in Sources */,
				70D706062A0FFFF0001D9203 /* Popup.swift in Sources */,
				51887AE72A12232F0015EF88 /* OnboardingView.swift in Sources */,
				70875FF82B81FB67008690EC /* ComplimentBoxController.swift in Sources */,
				70815E822A08950900DBE5B0 /* ChingguModel.xcdatamodeld in Sources */,
				70875FE32B810006008690EC /* InfoPopupViewModel.swift in Sources */,
				AE9537702A12245E00C6F5FF /* InfoPopupView.swift in Sources */,
				70B8FBA72A0D119B005B8366 /* ComplimentEntity+CoreDataClass.swift in Sources */,
				51D817182A08E59F00B84E6A /* WriteComplimentView.swift in Sources */,
				70875FEF2B81090A008690EC /* TipSheetView.swift in Sources */,
				70875FEB2B810882008690EC /* WriteComplimentViewModel.swift in Sources */,
				70875FE72B8107D8008690EC /* ComplimentTips.swift in Sources */,
				AE37D5452A063BD3009B0F56 /* MainView.swift in Sources */,
				70B8FBA82A0D119B005B8366 /* ComplimentEntity+CoreDataProperties.swift in Sources */,
				AE37D5352A039605009B0F56 /* ChingguApp.swift in Sources */,
				70875F562B7C5D73008690EC /* ArchivingViewModel.swift in Sources */,
				70385ED12A07DFEE001CDAB0 /* Color+Asset.swift in Sources */,
				70875FDD2B80E7D8008690EC /* Quote.swift in Sources */,
				70875FED2B8108B2008690EC /* OnboardingViewModel.swift in Sources */,
				70385EDA2A07E60B001CDAB0 /* Date+FormatWithDot.swift in Sources */,
				70815E812A08950900DBE5B0 /* Persistence.swift in Sources */,
				70875F542B7C51E3008690EC /* CoreDataManager.swift in Sources */,
				70875FF42B818A57008690EC /* MainViewModel.swift in Sources */,
				70E68F142A0A95FD00258A10 /* LottieView.swift in Sources */,
			);
			runOnlyForDeploymentPostprocessing = 0;
		};
/* End PBXSourcesBuildPhase section */

/* Begin PBXTargetDependency section */
		70875FC92B7F0B75008690EC /* PBXTargetDependency */ = {
			isa = PBXTargetDependency;
			target = AE37D5302A039605009B0F56 /* Chinggu */;
			targetProxy = 70875FC82B7F0B75008690EC /* PBXContainerItemProxy */;
		};
/* End PBXTargetDependency section */

/* Begin XCBuildConfiguration section */
		70875FCB2B7F0B75008690EC /* Debug */ = {
			isa = XCBuildConfiguration;
			buildSettings = {
				ASSETCATALOG_COMPILER_GENERATE_SWIFT_ASSET_SYMBOL_EXTENSIONS = YES;
				BUNDLE_LOADER = "$(TEST_HOST)";
				CODE_SIGN_STYLE = Automatic;
				CURRENT_PROJECT_VERSION = 1;
				DEVELOPMENT_TEAM = 3FD7AHY7SL;
				ENABLE_USER_SCRIPT_SANDBOXING = YES;
				GCC_C_LANGUAGE_STANDARD = gnu17;
				GENERATE_INFOPLIST_FILE = YES;
				IPHONEOS_DEPLOYMENT_TARGET = 17.0;
				LOCALIZATION_PREFERS_STRING_CATALOGS = YES;
				MARKETING_VERSION = 1.0;
				PRODUCT_BUNDLE_IDENTIFIER = com.junyoo.ChingguTests;
				PRODUCT_NAME = "$(TARGET_NAME)";
				SWIFT_ACTIVE_COMPILATION_CONDITIONS = "DEBUG $(inherited)";
				SWIFT_EMIT_LOC_STRINGS = NO;
				SWIFT_VERSION = 5.0;
				TARGETED_DEVICE_FAMILY = "1,2";
				TEST_HOST = "$(BUILT_PRODUCTS_DIR)/Chinggu.app/$(BUNDLE_EXECUTABLE_FOLDER_PATH)/Chinggu";
			};
			name = Debug;
		};
		70875FCC2B7F0B75008690EC /* Release */ = {
			isa = XCBuildConfiguration;
			buildSettings = {
				ASSETCATALOG_COMPILER_GENERATE_SWIFT_ASSET_SYMBOL_EXTENSIONS = YES;
				BUNDLE_LOADER = "$(TEST_HOST)";
				CODE_SIGN_STYLE = Automatic;
				CURRENT_PROJECT_VERSION = 1;
				DEVELOPMENT_TEAM = 3FD7AHY7SL;
				ENABLE_USER_SCRIPT_SANDBOXING = YES;
				GCC_C_LANGUAGE_STANDARD = gnu17;
				GENERATE_INFOPLIST_FILE = YES;
				IPHONEOS_DEPLOYMENT_TARGET = 17.0;
				LOCALIZATION_PREFERS_STRING_CATALOGS = YES;
				MARKETING_VERSION = 1.0;
				PRODUCT_BUNDLE_IDENTIFIER = com.junyoo.ChingguTests;
				PRODUCT_NAME = "$(TARGET_NAME)";
				SWIFT_EMIT_LOC_STRINGS = NO;
				SWIFT_VERSION = 5.0;
				TARGETED_DEVICE_FAMILY = "1,2";
				TEST_HOST = "$(BUILT_PRODUCTS_DIR)/Chinggu.app/$(BUNDLE_EXECUTABLE_FOLDER_PATH)/Chinggu";
			};
			name = Release;
		};
		AE37D53D2A039606009B0F56 /* Debug */ = {
			isa = XCBuildConfiguration;
			buildSettings = {
				ALWAYS_SEARCH_USER_PATHS = NO;
				CLANG_ANALYZER_NONNULL = YES;
				CLANG_ANALYZER_NUMBER_OBJECT_CONVERSION = YES_AGGRESSIVE;
				CLANG_CXX_LANGUAGE_STANDARD = "gnu++20";
				CLANG_ENABLE_MODULES = YES;
				CLANG_ENABLE_OBJC_ARC = YES;
				CLANG_ENABLE_OBJC_WEAK = YES;
				CLANG_WARN_BLOCK_CAPTURE_AUTORELEASING = YES;
				CLANG_WARN_BOOL_CONVERSION = YES;
				CLANG_WARN_COMMA = YES;
				CLANG_WARN_CONSTANT_CONVERSION = YES;
				CLANG_WARN_DEPRECATED_OBJC_IMPLEMENTATIONS = YES;
				CLANG_WARN_DIRECT_OBJC_ISA_USAGE = YES_ERROR;
				CLANG_WARN_DOCUMENTATION_COMMENTS = YES;
				CLANG_WARN_EMPTY_BODY = YES;
				CLANG_WARN_ENUM_CONVERSION = YES;
				CLANG_WARN_INFINITE_RECURSION = YES;
				CLANG_WARN_INT_CONVERSION = YES;
				CLANG_WARN_NON_LITERAL_NULL_CONVERSION = YES;
				CLANG_WARN_OBJC_IMPLICIT_RETAIN_SELF = YES;
				CLANG_WARN_OBJC_LITERAL_CONVERSION = YES;
				CLANG_WARN_OBJC_ROOT_CLASS = YES_ERROR;
				CLANG_WARN_QUOTED_INCLUDE_IN_FRAMEWORK_HEADER = YES;
				CLANG_WARN_RANGE_LOOP_ANALYSIS = YES;
				CLANG_WARN_STRICT_PROTOTYPES = YES;
				CLANG_WARN_SUSPICIOUS_MOVE = YES;
				CLANG_WARN_UNGUARDED_AVAILABILITY = YES_AGGRESSIVE;
				CLANG_WARN_UNREACHABLE_CODE = YES;
				CLANG_WARN__DUPLICATE_METHOD_MATCH = YES;
				COPY_PHASE_STRIP = NO;
				DEBUG_INFORMATION_FORMAT = dwarf;
				ENABLE_STRICT_OBJC_MSGSEND = YES;
				ENABLE_TESTABILITY = YES;
				GCC_C_LANGUAGE_STANDARD = gnu11;
				GCC_DYNAMIC_NO_PIC = NO;
				GCC_NO_COMMON_BLOCKS = YES;
				GCC_OPTIMIZATION_LEVEL = 0;
				GCC_PREPROCESSOR_DEFINITIONS = (
					"DEBUG=1",
					"$(inherited)",
				);
				GCC_WARN_64_TO_32_BIT_CONVERSION = YES;
				GCC_WARN_ABOUT_RETURN_TYPE = YES_ERROR;
				GCC_WARN_UNDECLARED_SELECTOR = YES;
				GCC_WARN_UNINITIALIZED_AUTOS = YES_AGGRESSIVE;
				GCC_WARN_UNUSED_FUNCTION = YES;
				GCC_WARN_UNUSED_VARIABLE = YES;
				IPHONEOS_DEPLOYMENT_TARGET = 16.1;
				MTL_ENABLE_DEBUG_INFO = INCLUDE_SOURCE;
				MTL_FAST_MATH = YES;
				ONLY_ACTIVE_ARCH = YES;
				SDKROOT = iphoneos;
				SWIFT_ACTIVE_COMPILATION_CONDITIONS = DEBUG;
				SWIFT_OPTIMIZATION_LEVEL = "-Onone";
			};
			name = Debug;
		};
		AE37D53E2A039606009B0F56 /* Release */ = {
			isa = XCBuildConfiguration;
			buildSettings = {
				ALWAYS_SEARCH_USER_PATHS = NO;
				CLANG_ANALYZER_NONNULL = YES;
				CLANG_ANALYZER_NUMBER_OBJECT_CONVERSION = YES_AGGRESSIVE;
				CLANG_CXX_LANGUAGE_STANDARD = "gnu++20";
				CLANG_ENABLE_MODULES = YES;
				CLANG_ENABLE_OBJC_ARC = YES;
				CLANG_ENABLE_OBJC_WEAK = YES;
				CLANG_WARN_BLOCK_CAPTURE_AUTORELEASING = YES;
				CLANG_WARN_BOOL_CONVERSION = YES;
				CLANG_WARN_COMMA = YES;
				CLANG_WARN_CONSTANT_CONVERSION = YES;
				CLANG_WARN_DEPRECATED_OBJC_IMPLEMENTATIONS = YES;
				CLANG_WARN_DIRECT_OBJC_ISA_USAGE = YES_ERROR;
				CLANG_WARN_DOCUMENTATION_COMMENTS = YES;
				CLANG_WARN_EMPTY_BODY = YES;
				CLANG_WARN_ENUM_CONVERSION = YES;
				CLANG_WARN_INFINITE_RECURSION = YES;
				CLANG_WARN_INT_CONVERSION = YES;
				CLANG_WARN_NON_LITERAL_NULL_CONVERSION = YES;
				CLANG_WARN_OBJC_IMPLICIT_RETAIN_SELF = YES;
				CLANG_WARN_OBJC_LITERAL_CONVERSION = YES;
				CLANG_WARN_OBJC_ROOT_CLASS = YES_ERROR;
				CLANG_WARN_QUOTED_INCLUDE_IN_FRAMEWORK_HEADER = YES;
				CLANG_WARN_RANGE_LOOP_ANALYSIS = YES;
				CLANG_WARN_STRICT_PROTOTYPES = YES;
				CLANG_WARN_SUSPICIOUS_MOVE = YES;
				CLANG_WARN_UNGUARDED_AVAILABILITY = YES_AGGRESSIVE;
				CLANG_WARN_UNREACHABLE_CODE = YES;
				CLANG_WARN__DUPLICATE_METHOD_MATCH = YES;
				COPY_PHASE_STRIP = NO;
				DEBUG_INFORMATION_FORMAT = "dwarf-with-dsym";
				ENABLE_NS_ASSERTIONS = NO;
				ENABLE_STRICT_OBJC_MSGSEND = YES;
				GCC_C_LANGUAGE_STANDARD = gnu11;
				GCC_NO_COMMON_BLOCKS = YES;
				GCC_WARN_64_TO_32_BIT_CONVERSION = YES;
				GCC_WARN_ABOUT_RETURN_TYPE = YES_ERROR;
				GCC_WARN_UNDECLARED_SELECTOR = YES;
				GCC_WARN_UNINITIALIZED_AUTOS = YES_AGGRESSIVE;
				GCC_WARN_UNUSED_FUNCTION = YES;
				GCC_WARN_UNUSED_VARIABLE = YES;
				IPHONEOS_DEPLOYMENT_TARGET = 16.1;
				MTL_ENABLE_DEBUG_INFO = NO;
				MTL_FAST_MATH = YES;
				SDKROOT = iphoneos;
				SWIFT_COMPILATION_MODE = wholemodule;
				SWIFT_OPTIMIZATION_LEVEL = "-O";
				VALIDATE_PRODUCT = YES;
			};
			name = Release;
		};
		AE37D5402A039606009B0F56 /* Debug */ = {
			isa = XCBuildConfiguration;
			buildSettings = {
				ASSETCATALOG_COMPILER_APPICON_NAME = AppIcon;
				ASSETCATALOG_COMPILER_GLOBAL_ACCENT_COLOR_NAME = AccentColor;
				CODE_SIGN_STYLE = Automatic;
				CURRENT_PROJECT_VERSION = 4;
				DEVELOPMENT_ASSET_PATHS = "\"Chinggu/Preview Content\"";
				DEVELOPMENT_TEAM = PFTK9YA9R8;
				ENABLE_PREVIEWS = YES;
				GENERATE_INFOPLIST_FILE = YES;
				INFOPLIST_FILE = Chinggu/Info.plist;
				INFOPLIST_KEY_CFBundleDisplayName = "칭구";
				INFOPLIST_KEY_LSApplicationCategoryType = "public.app-category.lifestyle";
				INFOPLIST_KEY_UIApplicationSceneManifest_Generation = YES;
				INFOPLIST_KEY_UIApplicationSupportsIndirectInputEvents = YES;
				INFOPLIST_KEY_UISupportedInterfaceOrientations = UIInterfaceOrientationPortrait;
				INFOPLIST_KEY_UISupportedInterfaceOrientations_iPad = "UIInterfaceOrientationLandscapeLeft UIInterfaceOrientationLandscapeRight UIInterfaceOrientationPortrait UIInterfaceOrientationPortraitUpsideDown";
				IPHONEOS_DEPLOYMENT_TARGET = 16.1;
				LD_RUNPATH_SEARCH_PATHS = (
					"$(inherited)",
					"@executable_path/Frameworks",
				);
				MARKETING_VERSION = 1.0;
				PRODUCT_BUNDLE_IDENTIFIER = com.Ddojeon.Chinggu;
				PRODUCT_NAME = "$(TARGET_NAME)";
				SUPPORTED_PLATFORMS = "iphoneos iphonesimulator";
				SUPPORTS_MACCATALYST = NO;
				SUPPORTS_MAC_DESIGNED_FOR_IPHONE_IPAD = NO;
				SWIFT_EMIT_LOC_STRINGS = YES;
				SWIFT_VERSION = 5.0;
				TARGETED_DEVICE_FAMILY = 1;
			};
			name = Debug;
		};
		AE37D5412A039606009B0F56 /* Release */ = {
			isa = XCBuildConfiguration;
			buildSettings = {
				ASSETCATALOG_COMPILER_APPICON_NAME = AppIcon;
				ASSETCATALOG_COMPILER_GLOBAL_ACCENT_COLOR_NAME = AccentColor;
				CODE_SIGN_STYLE = Automatic;
				CURRENT_PROJECT_VERSION = 4;
				DEVELOPMENT_ASSET_PATHS = "\"Chinggu/Preview Content\"";
				DEVELOPMENT_TEAM = PFTK9YA9R8;
				ENABLE_PREVIEWS = YES;
				GENERATE_INFOPLIST_FILE = YES;
				INFOPLIST_FILE = Chinggu/Info.plist;
				INFOPLIST_KEY_CFBundleDisplayName = "칭구";
				INFOPLIST_KEY_LSApplicationCategoryType = "public.app-category.lifestyle";
				INFOPLIST_KEY_UIApplicationSceneManifest_Generation = YES;
				INFOPLIST_KEY_UIApplicationSupportsIndirectInputEvents = YES;
				INFOPLIST_KEY_UISupportedInterfaceOrientations = UIInterfaceOrientationPortrait;
				INFOPLIST_KEY_UISupportedInterfaceOrientations_iPad = "UIInterfaceOrientationLandscapeLeft UIInterfaceOrientationLandscapeRight UIInterfaceOrientationPortrait UIInterfaceOrientationPortraitUpsideDown";
				IPHONEOS_DEPLOYMENT_TARGET = 16.1;
				LD_RUNPATH_SEARCH_PATHS = (
					"$(inherited)",
					"@executable_path/Frameworks",
				);
				MARKETING_VERSION = 1.0;
				PRODUCT_BUNDLE_IDENTIFIER = com.Ddojeon.Chinggu;
				PRODUCT_NAME = "$(TARGET_NAME)";
				SUPPORTED_PLATFORMS = "iphoneos iphonesimulator";
				SUPPORTS_MACCATALYST = NO;
				SUPPORTS_MAC_DESIGNED_FOR_IPHONE_IPAD = NO;
				SWIFT_EMIT_LOC_STRINGS = YES;
				SWIFT_VERSION = 5.0;
				TARGETED_DEVICE_FAMILY = 1;
			};
			name = Release;
		};
/* End XCBuildConfiguration section */

/* Begin XCConfigurationList section */
		70875FCA2B7F0B75008690EC /* Build configuration list for PBXNativeTarget "ChingguTests" */ = {
			isa = XCConfigurationList;
			buildConfigurations = (
				70875FCB2B7F0B75008690EC /* Debug */,
				70875FCC2B7F0B75008690EC /* Release */,
			);
			defaultConfigurationIsVisible = 0;
			defaultConfigurationName = Release;
		};
		AE37D52C2A039605009B0F56 /* Build configuration list for PBXProject "Chinggu" */ = {
			isa = XCConfigurationList;
			buildConfigurations = (
				AE37D53D2A039606009B0F56 /* Debug */,
				AE37D53E2A039606009B0F56 /* Release */,
			);
			defaultConfigurationIsVisible = 0;
			defaultConfigurationName = Release;
		};
		AE37D53F2A039606009B0F56 /* Build configuration list for PBXNativeTarget "Chinggu" */ = {
			isa = XCConfigurationList;
			buildConfigurations = (
				AE37D5402A039606009B0F56 /* Debug */,
				AE37D5412A039606009B0F56 /* Release */,
			);
			defaultConfigurationIsVisible = 0;
			defaultConfigurationName = Release;
		};
/* End XCConfigurationList section */

/* Begin XCRemoteSwiftPackageReference section */
		70E68F0D2A0A888C00258A10 /* XCRemoteSwiftPackageReference "lottie-ios" */ = {
			isa = XCRemoteSwiftPackageReference;
			repositoryURL = "https://github.com/airbnb/lottie-ios";
			requirement = {
				kind = upToNextMajorVersion;
				minimumVersion = 4.0.0;
			};
		};
/* End XCRemoteSwiftPackageReference section */

/* Begin XCSwiftPackageProductDependency section */
		70E68F0E2A0A888C00258A10 /* Lottie */ = {
			isa = XCSwiftPackageProductDependency;
			package = 70E68F0D2A0A888C00258A10 /* XCRemoteSwiftPackageReference "lottie-ios" */;
			productName = Lottie;
		};
/* End XCSwiftPackageProductDependency section */

/* Begin XCVersionGroup section */
		70815E7F2A08950900DBE5B0 /* ChingguModel.xcdatamodeld */ = {
			isa = XCVersionGroup;
			children = (
				70815E802A08950900DBE5B0 /* ComplimentModel.xcdatamodel */,
			);
			currentVersion = 70815E802A08950900DBE5B0 /* ComplimentModel.xcdatamodel */;
			path = ChingguModel.xcdatamodeld;
			sourceTree = "<group>";
			versionGroupType = wrapper.xcdatamodel;
		};
/* End XCVersionGroup section */
	};
	rootObject = AE37D5292A039605009B0F56 /* Project object */;
}
