// !$*UTF8*$!
{
	archiveVersion = 1;
	classes = {
	};
	objectVersion = 56;
	objects = {

/* Begin PBXBuildFile section */
		51D817182A08E59F00B84E6A /* WriteComplimentView.swift in Sources */ = {isa = PBXBuildFile; fileRef = 51D817172A08E59F00B84E6A /* WriteComplimentView.swift */; };
		701094A62A0FA83D0019DEED /* cardBeforeAnimation.json in Resources */ = {isa = PBXBuildFile; fileRef = 701094A52A0FA83D0019DEED /* cardBeforeAnimation.json */; };
		70385ED12A07DFEE001CDAB0 /* Color+Chinggu.swift in Sources */ = {isa = PBXBuildFile; fileRef = 70385ED02A07DFEE001CDAB0 /* Color+Chinggu.swift */; };
		70385ED32A07E00F001CDAB0 /* Color.xcassets in Resources */ = {isa = PBXBuildFile; fileRef = 70385ED22A07E00F001CDAB0 /* Color.xcassets */; };
		70385EDA2A07E60B001CDAB0 /* Date+Chinggu.swift in Sources */ = {isa = PBXBuildFile; fileRef = 70385ED92A07E60B001CDAB0 /* Date+Chinggu.swift */; };
		70815E812A08950900DBE5B0 /* Persistence.swift in Sources */ = {isa = PBXBuildFile; fileRef = 70815E7E2A08950900DBE5B0 /* Persistence.swift */; };
		70815E822A08950900DBE5B0 /* ComplimentModel.xcdatamodeld in Sources */ = {isa = PBXBuildFile; fileRef = 70815E7F2A08950900DBE5B0 /* ComplimentModel.xcdatamodeld */; };
		70B8FBA72A0D119B005B8366 /* ComplimentEntity+CoreDataClass.swift in Sources */ = {isa = PBXBuildFile; fileRef = 70B8FBA52A0D119B005B8366 /* ComplimentEntity+CoreDataClass.swift */; };
		70B8FBA82A0D119B005B8366 /* ComplimentEntity+CoreDataProperties.swift in Sources */ = {isa = PBXBuildFile; fileRef = 70B8FBA62A0D119B005B8366 /* ComplimentEntity+CoreDataProperties.swift */; };
		70C7977B2A04357F00E2E3AF /* CardView.swift in Sources */ = {isa = PBXBuildFile; fileRef = 70C797782A04357F00E2E3AF /* CardView.swift */; };
		70C7977C2A04357F00E2E3AF /* CardFullScreenView.swift in Sources */ = {isa = PBXBuildFile; fileRef = 70C797792A04357F00E2E3AF /* CardFullScreenView.swift */; };
		70C7977D2A04357F00E2E3AF /* CardPopupView.swift in Sources */ = {isa = PBXBuildFile; fileRef = 70C7977A2A04357F00E2E3AF /* CardPopupView.swift */; };
		70C7977F2A04391800E2E3AF /* TempMainView.swift in Sources */ = {isa = PBXBuildFile; fileRef = 70C7977E2A04391800E2E3AF /* TempMainView.swift */; };
		70D706062A0FFFF0001D9203 /* Popup.swift in Sources */ = {isa = PBXBuildFile; fileRef = 70D706052A0FFFF0001D9203 /* Popup.swift */; };
		70E68F0F2A0A888C00258A10 /* Lottie in Frameworks */ = {isa = PBXBuildFile; productRef = 70E68F0E2A0A888C00258A10 /* Lottie */; };
		70E68F122A0A906500258A10 /* cardAnimation.json in Resources */ = {isa = PBXBuildFile; fileRef = 70E68F112A0A906500258A10 /* cardAnimation.json */; };
		70E68F142A0A95FD00258A10 /* LottieView.swift in Sources */ = {isa = PBXBuildFile; fileRef = 70E68F132A0A95FD00258A10 /* LottieView.swift */; };
		A93729712A0F6E5100C79C04 /* Onboarding_4.swift in Sources */ = {isa = PBXBuildFile; fileRef = A93729662A0F6E5000C79C04 /* Onboarding_4.swift */; };
		A93729722A0F6E5100C79C04 /* Onboarding_5.swift in Sources */ = {isa = PBXBuildFile; fileRef = A93729672A0F6E5000C79C04 /* Onboarding_5.swift */; };
		A93729732A0F6E5100C79C04 /* Onboarding_9.swift in Sources */ = {isa = PBXBuildFile; fileRef = A93729682A0F6E5000C79C04 /* Onboarding_9.swift */; };
		A93729742A0F6E5100C79C04 /* Onboarding_2.swift in Sources */ = {isa = PBXBuildFile; fileRef = A93729692A0F6E5000C79C04 /* Onboarding_2.swift */; };
		A93729752A0F6E5100C79C04 /* Onboarding_8.swift in Sources */ = {isa = PBXBuildFile; fileRef = A937296A2A0F6E5000C79C04 /* Onboarding_8.swift */; };
		A93729762A0F6E5100C79C04 /* Onboarding_10.swift in Sources */ = {isa = PBXBuildFile; fileRef = A937296B2A0F6E5000C79C04 /* Onboarding_10.swift */; };
		A93729772A0F6E5100C79C04 /* Onboarding_6.swift in Sources */ = {isa = PBXBuildFile; fileRef = A937296C2A0F6E5000C79C04 /* Onboarding_6.swift */; };
		A93729782A0F6E5100C79C04 /* Onboarding_7.swift in Sources */ = {isa = PBXBuildFile; fileRef = A937296D2A0F6E5100C79C04 /* Onboarding_7.swift */; };
		A93729792A0F6E5100C79C04 /* Onboarding_11.swift in Sources */ = {isa = PBXBuildFile; fileRef = A937296E2A0F6E5100C79C04 /* Onboarding_11.swift */; };
		A937297A2A0F6E5100C79C04 /* Onboarding_1.swift in Sources */ = {isa = PBXBuildFile; fileRef = A937296F2A0F6E5100C79C04 /* Onboarding_1.swift */; };
		A937297B2A0F6E5100C79C04 /* Onboarding_3.swift in Sources */ = {isa = PBXBuildFile; fileRef = A93729702A0F6E5100C79C04 /* Onboarding_3.swift */; };
		A93729862A0F6E5C00C79C04 /* onboarding_3.json in Resources */ = {isa = PBXBuildFile; fileRef = A937297C2A0F6E5B00C79C04 /* onboarding_3.json */; };
		A93729872A0F6E5C00C79C04 /* onboarding_2(1).json in Resources */ = {isa = PBXBuildFile; fileRef = A937297D2A0F6E5B00C79C04 /* onboarding_2(1).json */; };
		A93729882A0F6E5C00C79C04 /* onboarding_5.json in Resources */ = {isa = PBXBuildFile; fileRef = A937297E2A0F6E5C00C79C04 /* onboarding_5.json */; };
		A93729892A0F6E5C00C79C04 /* onboarding_6.json in Resources */ = {isa = PBXBuildFile; fileRef = A937297F2A0F6E5C00C79C04 /* onboarding_6.json */; };
		A937298A2A0F6E5C00C79C04 /* onboarding_7.json in Resources */ = {isa = PBXBuildFile; fileRef = A93729802A0F6E5C00C79C04 /* onboarding_7.json */; };
		A937298B2A0F6E5C00C79C04 /* onboarding.json in Resources */ = {isa = PBXBuildFile; fileRef = A93729812A0F6E5C00C79C04 /* onboarding.json */; };
		A937298C2A0F6E5C00C79C04 /* onboarding_4.json in Resources */ = {isa = PBXBuildFile; fileRef = A93729822A0F6E5C00C79C04 /* onboarding_4.json */; };
		A937298D2A0F6E5C00C79C04 /* onboarding_8.json in Resources */ = {isa = PBXBuildFile; fileRef = A93729832A0F6E5C00C79C04 /* onboarding_8.json */; };
		A937298E2A0F6E5C00C79C04 /* onboarding_10.json in Resources */ = {isa = PBXBuildFile; fileRef = A93729842A0F6E5C00C79C04 /* onboarding_10.json */; };
		A937298F2A0F6E5C00C79C04 /* onboarding_18.json in Resources */ = {isa = PBXBuildFile; fileRef = A93729852A0F6E5C00C79C04 /* onboarding_18.json */; };
		AE37D5352A039605009B0F56 /* ChingguApp.swift in Sources */ = {isa = PBXBuildFile; fileRef = AE37D5342A039605009B0F56 /* ChingguApp.swift */; };
		AE37D5372A039605009B0F56 /* ContentView.swift in Sources */ = {isa = PBXBuildFile; fileRef = AE37D5362A039605009B0F56 /* ContentView.swift */; };
		AE37D5392A039606009B0F56 /* Assets.xcassets in Resources */ = {isa = PBXBuildFile; fileRef = AE37D5382A039606009B0F56 /* Assets.xcassets */; };
		AE37D53C2A039606009B0F56 /* Preview Assets.xcassets in Resources */ = {isa = PBXBuildFile; fileRef = AE37D53B2A039606009B0F56 /* Preview Assets.xcassets */; };
		AE37D5452A063BD3009B0F56 /* MainView.swift in Sources */ = {isa = PBXBuildFile; fileRef = AE37D5442A063BD3009B0F56 /* MainView.swift */; };
		FB6D0BC92A0A287200220360 /* ArchivingView.swift in Sources */ = {isa = PBXBuildFile; fileRef = FB6D0BC82A0A287200220360 /* ArchivingView.swift */; };
		FB6D0BCB2A0A35AD00220360 /* ArchivingDetailView.swift in Sources */ = {isa = PBXBuildFile; fileRef = FB6D0BCA2A0A35AD00220360 /* ArchivingDetailView.swift */; };
		FBB8CFD92A0B908E00210F90 /* ArchivingCard.swift in Sources */ = {isa = PBXBuildFile; fileRef = FBB8CFD82A0B908E00210F90 /* ArchivingCard.swift */; };
/* End PBXBuildFile section */

/* Begin PBXFileReference section */
		51D817172A08E59F00B84E6A /* WriteComplimentView.swift */ = {isa = PBXFileReference; lastKnownFileType = sourcecode.swift; path = WriteComplimentView.swift; sourceTree = "<group>"; };
		701094A52A0FA83D0019DEED /* cardBeforeAnimation.json */ = {isa = PBXFileReference; fileEncoding = 4; lastKnownFileType = text.json; path = cardBeforeAnimation.json; sourceTree = "<group>"; };
		70385ED02A07DFEE001CDAB0 /* Color+Chinggu.swift */ = {isa = PBXFileReference; lastKnownFileType = sourcecode.swift; path = "Color+Chinggu.swift"; sourceTree = "<group>"; };
		70385ED22A07E00F001CDAB0 /* Color.xcassets */ = {isa = PBXFileReference; lastKnownFileType = folder.assetcatalog; path = Color.xcassets; sourceTree = "<group>"; };
		70385ED92A07E60B001CDAB0 /* Date+Chinggu.swift */ = {isa = PBXFileReference; lastKnownFileType = sourcecode.swift; path = "Date+Chinggu.swift"; sourceTree = "<group>"; };
		70815E7E2A08950900DBE5B0 /* Persistence.swift */ = {isa = PBXFileReference; fileEncoding = 4; lastKnownFileType = sourcecode.swift; path = Persistence.swift; sourceTree = "<group>"; };
		70815E802A08950900DBE5B0 /* ComplimentModel.xcdatamodel */ = {isa = PBXFileReference; lastKnownFileType = wrapper.xcdatamodel; path = ComplimentModel.xcdatamodel; sourceTree = "<group>"; };
		70B8FBA52A0D119B005B8366 /* ComplimentEntity+CoreDataClass.swift */ = {isa = PBXFileReference; lastKnownFileType = sourcecode.swift; path = "ComplimentEntity+CoreDataClass.swift"; sourceTree = "<group>"; };
		70B8FBA62A0D119B005B8366 /* ComplimentEntity+CoreDataProperties.swift */ = {isa = PBXFileReference; lastKnownFileType = sourcecode.swift; path = "ComplimentEntity+CoreDataProperties.swift"; sourceTree = "<group>"; };
		70C797782A04357F00E2E3AF /* CardView.swift */ = {isa = PBXFileReference; fileEncoding = 4; lastKnownFileType = sourcecode.swift; path = CardView.swift; sourceTree = "<group>"; };
		70C797792A04357F00E2E3AF /* CardFullScreenView.swift */ = {isa = PBXFileReference; fileEncoding = 4; lastKnownFileType = sourcecode.swift; path = CardFullScreenView.swift; sourceTree = "<group>"; };
		70C7977A2A04357F00E2E3AF /* CardPopupView.swift */ = {isa = PBXFileReference; fileEncoding = 4; lastKnownFileType = sourcecode.swift; path = CardPopupView.swift; sourceTree = "<group>"; };
		70C7977E2A04391800E2E3AF /* TempMainView.swift */ = {isa = PBXFileReference; lastKnownFileType = sourcecode.swift; path = TempMainView.swift; sourceTree = "<group>"; };
		70D706052A0FFFF0001D9203 /* Popup.swift */ = {isa = PBXFileReference; lastKnownFileType = sourcecode.swift; path = Popup.swift; sourceTree = "<group>"; };
		70E68F112A0A906500258A10 /* cardAnimation.json */ = {isa = PBXFileReference; fileEncoding = 4; lastKnownFileType = text.json; path = cardAnimation.json; sourceTree = "<group>"; };
		70E68F132A0A95FD00258A10 /* LottieView.swift */ = {isa = PBXFileReference; fileEncoding = 4; lastKnownFileType = sourcecode.swift; path = LottieView.swift; sourceTree = "<group>"; };
		A93729662A0F6E5000C79C04 /* Onboarding_4.swift */ = {isa = PBXFileReference; fileEncoding = 4; lastKnownFileType = sourcecode.swift; path = Onboarding_4.swift; sourceTree = "<group>"; };
		A93729672A0F6E5000C79C04 /* Onboarding_5.swift */ = {isa = PBXFileReference; fileEncoding = 4; lastKnownFileType = sourcecode.swift; path = Onboarding_5.swift; sourceTree = "<group>"; };
		A93729682A0F6E5000C79C04 /* Onboarding_9.swift */ = {isa = PBXFileReference; fileEncoding = 4; lastKnownFileType = sourcecode.swift; path = Onboarding_9.swift; sourceTree = "<group>"; };
		A93729692A0F6E5000C79C04 /* Onboarding_2.swift */ = {isa = PBXFileReference; fileEncoding = 4; lastKnownFileType = sourcecode.swift; path = Onboarding_2.swift; sourceTree = "<group>"; };
		A937296A2A0F6E5000C79C04 /* Onboarding_8.swift */ = {isa = PBXFileReference; fileEncoding = 4; lastKnownFileType = sourcecode.swift; path = Onboarding_8.swift; sourceTree = "<group>"; };
		A937296B2A0F6E5000C79C04 /* Onboarding_10.swift */ = {isa = PBXFileReference; fileEncoding = 4; lastKnownFileType = sourcecode.swift; path = Onboarding_10.swift; sourceTree = "<group>"; };
		A937296C2A0F6E5000C79C04 /* Onboarding_6.swift */ = {isa = PBXFileReference; fileEncoding = 4; lastKnownFileType = sourcecode.swift; path = Onboarding_6.swift; sourceTree = "<group>"; };
		A937296D2A0F6E5100C79C04 /* Onboarding_7.swift */ = {isa = PBXFileReference; fileEncoding = 4; lastKnownFileType = sourcecode.swift; path = Onboarding_7.swift; sourceTree = "<group>"; };
		A937296E2A0F6E5100C79C04 /* Onboarding_11.swift */ = {isa = PBXFileReference; fileEncoding = 4; lastKnownFileType = sourcecode.swift; path = Onboarding_11.swift; sourceTree = "<group>"; };
		A937296F2A0F6E5100C79C04 /* Onboarding_1.swift */ = {isa = PBXFileReference; fileEncoding = 4; lastKnownFileType = sourcecode.swift; path = Onboarding_1.swift; sourceTree = "<group>"; };
		A93729702A0F6E5100C79C04 /* Onboarding_3.swift */ = {isa = PBXFileReference; fileEncoding = 4; lastKnownFileType = sourcecode.swift; path = Onboarding_3.swift; sourceTree = "<group>"; };
		A937297C2A0F6E5B00C79C04 /* onboarding_3.json */ = {isa = PBXFileReference; fileEncoding = 4; lastKnownFileType = text.json; path = onboarding_3.json; sourceTree = "<group>"; };
		A937297D2A0F6E5B00C79C04 /* onboarding_2(1).json */ = {isa = PBXFileReference; fileEncoding = 4; lastKnownFileType = text.json; path = "onboarding_2(1).json"; sourceTree = "<group>"; };
		A937297E2A0F6E5C00C79C04 /* onboarding_5.json */ = {isa = PBXFileReference; fileEncoding = 4; lastKnownFileType = text.json; path = onboarding_5.json; sourceTree = "<group>"; };
		A937297F2A0F6E5C00C79C04 /* onboarding_6.json */ = {isa = PBXFileReference; fileEncoding = 4; lastKnownFileType = text.json; path = onboarding_6.json; sourceTree = "<group>"; };
		A93729802A0F6E5C00C79C04 /* onboarding_7.json */ = {isa = PBXFileReference; fileEncoding = 4; lastKnownFileType = text.json; path = onboarding_7.json; sourceTree = "<group>"; };
		A93729812A0F6E5C00C79C04 /* onboarding.json */ = {isa = PBXFileReference; fileEncoding = 4; lastKnownFileType = text.json; path = onboarding.json; sourceTree = "<group>"; };
		A93729822A0F6E5C00C79C04 /* onboarding_4.json */ = {isa = PBXFileReference; fileEncoding = 4; lastKnownFileType = text.json; path = onboarding_4.json; sourceTree = "<group>"; };
		A93729832A0F6E5C00C79C04 /* onboarding_8.json */ = {isa = PBXFileReference; fileEncoding = 4; lastKnownFileType = text.json; path = onboarding_8.json; sourceTree = "<group>"; };
		A93729842A0F6E5C00C79C04 /* onboarding_10.json */ = {isa = PBXFileReference; fileEncoding = 4; lastKnownFileType = text.json; path = onboarding_10.json; sourceTree = "<group>"; };
		A93729852A0F6E5C00C79C04 /* onboarding_18.json */ = {isa = PBXFileReference; fileEncoding = 4; lastKnownFileType = text.json; path = onboarding_18.json; sourceTree = "<group>"; };
		AE37D5312A039605009B0F56 /* Chinggu.app */ = {isa = PBXFileReference; explicitFileType = wrapper.application; includeInIndex = 0; path = Chinggu.app; sourceTree = BUILT_PRODUCTS_DIR; };
		AE37D5342A039605009B0F56 /* ChingguApp.swift */ = {isa = PBXFileReference; lastKnownFileType = sourcecode.swift; path = ChingguApp.swift; sourceTree = "<group>"; };
		AE37D5362A039605009B0F56 /* ContentView.swift */ = {isa = PBXFileReference; lastKnownFileType = sourcecode.swift; path = ContentView.swift; sourceTree = "<group>"; };
		AE37D5382A039606009B0F56 /* Assets.xcassets */ = {isa = PBXFileReference; lastKnownFileType = folder.assetcatalog; path = Assets.xcassets; sourceTree = "<group>"; };
		AE37D53B2A039606009B0F56 /* Preview Assets.xcassets */ = {isa = PBXFileReference; lastKnownFileType = folder.assetcatalog; path = "Preview Assets.xcassets"; sourceTree = "<group>"; };
		AE37D5442A063BD3009B0F56 /* MainView.swift */ = {isa = PBXFileReference; lastKnownFileType = sourcecode.swift; path = MainView.swift; sourceTree = "<group>"; };
		FB6D0BC82A0A287200220360 /* ArchivingView.swift */ = {isa = PBXFileReference; lastKnownFileType = sourcecode.swift; path = ArchivingView.swift; sourceTree = "<group>"; };
		FB6D0BCA2A0A35AD00220360 /* ArchivingDetailView.swift */ = {isa = PBXFileReference; lastKnownFileType = sourcecode.swift; path = ArchivingDetailView.swift; sourceTree = "<group>"; };
		FBB8CFD82A0B908E00210F90 /* ArchivingCard.swift */ = {isa = PBXFileReference; lastKnownFileType = sourcecode.swift; path = ArchivingCard.swift; sourceTree = "<group>"; };
/* End PBXFileReference section */

/* Begin PBXFrameworksBuildPhase section */
		AE37D52E2A039605009B0F56 /* Frameworks */ = {
			isa = PBXFrameworksBuildPhase;
			buildActionMask = 2147483647;
			files = (
				70E68F0F2A0A888C00258A10 /* Lottie in Frameworks */,
			);
			runOnlyForDeploymentPostprocessing = 0;
		};
/* End PBXFrameworksBuildPhase section */

/* Begin PBXGroup section */
		701094A72A0FF83C0019DEED /* View */ = {
			isa = PBXGroup;
			children = (
				AE37D5442A063BD3009B0F56 /* MainView.swift */,
				51D817172A08E59F00B84E6A /* WriteComplimentView.swift */,
				A93728C52A0F6DCD00C79C04 /* Onboard */,
				70C797722A042FF400E2E3AF /* CardView */,
				FBB8CFD72A0B836E00210F90 /* Archiving View */,
			);
			path = View;
			sourceTree = "<group>";
		};
		70385ECF2A07DFDD001CDAB0 /* Utils */ = {
			isa = PBXGroup;
			children = (
				70E68F132A0A95FD00258A10 /* LottieView.swift */,
				70385ED02A07DFEE001CDAB0 /* Color+Chinggu.swift */,
				70385ED92A07E60B001CDAB0 /* Date+Chinggu.swift */,
				70385ED22A07E00F001CDAB0 /* Color.xcassets */,
				AE37D5382A039606009B0F56 /* Assets.xcassets */,
			);
			path = Utils;
			sourceTree = "<group>";
		};
		70815E7D2A08950900DBE5B0 /* Model */ = {
			isa = PBXGroup;
			children = (
				70B8FBA52A0D119B005B8366 /* ComplimentEntity+CoreDataClass.swift */,
				70B8FBA62A0D119B005B8366 /* ComplimentEntity+CoreDataProperties.swift */,
				70815E7E2A08950900DBE5B0 /* Persistence.swift */,
				70815E7F2A08950900DBE5B0 /* ComplimentModel.xcdatamodeld */,
			);
			path = Model;
			sourceTree = "<group>";
		};
		70C797722A042FF400E2E3AF /* CardView */ = {
			isa = PBXGroup;
			children = (
				70C7977E2A04391800E2E3AF /* TempMainView.swift */,
				70C797782A04357F00E2E3AF /* CardView.swift */,
				70C7977A2A04357F00E2E3AF /* CardPopupView.swift */,
				70C797792A04357F00E2E3AF /* CardFullScreenView.swift */,
				70D706052A0FFFF0001D9203 /* Popup.swift */,
				70E68F102A0A904200258A10 /* CardLottie */,
			);
			path = CardView;
			sourceTree = "<group>";
		};
		70E68F102A0A904200258A10 /* CardLottie */ = {
			isa = PBXGroup;
			children = (
				70E68F112A0A906500258A10 /* cardAnimation.json */,
				701094A52A0FA83D0019DEED /* cardBeforeAnimation.json */,
			);
			path = CardLottie;
			sourceTree = "<group>";
		};
		A93728C52A0F6DCD00C79C04 /* Onboard */ = {
			isa = PBXGroup;
			children = (
				A93729652A0F6E4100C79C04 /* onboardingView */,
				A93729642A0F6E3600C79C04 /* onboardLottie */,
			);
			path = Onboard;
			sourceTree = "<group>";
		};
		A93729642A0F6E3600C79C04 /* onboardLottie */ = {
			isa = PBXGroup;
			children = (
				A937297D2A0F6E5B00C79C04 /* onboarding_2(1).json */,
				A937297C2A0F6E5B00C79C04 /* onboarding_3.json */,
				A93729822A0F6E5C00C79C04 /* onboarding_4.json */,
				A937297E2A0F6E5C00C79C04 /* onboarding_5.json */,
				A937297F2A0F6E5C00C79C04 /* onboarding_6.json */,
				A93729802A0F6E5C00C79C04 /* onboarding_7.json */,
				A93729832A0F6E5C00C79C04 /* onboarding_8.json */,
				A93729842A0F6E5C00C79C04 /* onboarding_10.json */,
				A93729852A0F6E5C00C79C04 /* onboarding_18.json */,
				A93729812A0F6E5C00C79C04 /* onboarding.json */,
			);
			path = onboardLottie;
			sourceTree = "<group>";
		};
		A93729652A0F6E4100C79C04 /* onboardingView */ = {
			isa = PBXGroup;
			children = (
				A937296F2A0F6E5100C79C04 /* Onboarding_1.swift */,
				A93729692A0F6E5000C79C04 /* Onboarding_2.swift */,
				A93729702A0F6E5100C79C04 /* Onboarding_3.swift */,
				A93729662A0F6E5000C79C04 /* Onboarding_4.swift */,
				A93729672A0F6E5000C79C04 /* Onboarding_5.swift */,
				A937296C2A0F6E5000C79C04 /* Onboarding_6.swift */,
				A937296D2A0F6E5100C79C04 /* Onboarding_7.swift */,
				A937296A2A0F6E5000C79C04 /* Onboarding_8.swift */,
				A93729682A0F6E5000C79C04 /* Onboarding_9.swift */,
				A937296B2A0F6E5000C79C04 /* Onboarding_10.swift */,
				A937296E2A0F6E5100C79C04 /* Onboarding_11.swift */,
			);
			path = onboardingView;
			sourceTree = "<group>";
		};
		AE37D5282A039605009B0F56 = {
			isa = PBXGroup;
			children = (
				AE37D5332A039605009B0F56 /* Chinggu */,
				AE37D5322A039605009B0F56 /* Products */,
			);
			sourceTree = "<group>";
		};
		AE37D5322A039605009B0F56 /* Products */ = {
			isa = PBXGroup;
			children = (
				AE37D5312A039605009B0F56 /* Chinggu.app */,
			);
			name = Products;
			sourceTree = "<group>";
		};
		AE37D5332A039605009B0F56 /* Chinggu */ = {
			isa = PBXGroup;
			children = (
				AE37D5342A039605009B0F56 /* ChingguApp.swift */,
				AE37D5362A039605009B0F56 /* ContentView.swift */,
				701094A72A0FF83C0019DEED /* View */,
				70815E7D2A08950900DBE5B0 /* Model */,
				70385ECF2A07DFDD001CDAB0 /* Utils */,
				AE37D53A2A039606009B0F56 /* Preview Content */,
			);
			path = Chinggu;
			sourceTree = "<group>";
		};
		AE37D53A2A039606009B0F56 /* Preview Content */ = {
			isa = PBXGroup;
			children = (
				AE37D53B2A039606009B0F56 /* Preview Assets.xcassets */,
			);
			path = "Preview Content";
			sourceTree = "<group>";
		};
		FBB8CFD72A0B836E00210F90 /* Archiving View */ = {
			isa = PBXGroup;
			children = (
				FB6D0BCA2A0A35AD00220360 /* ArchivingDetailView.swift */,
				FBB8CFD82A0B908E00210F90 /* ArchivingCard.swift */,
				FB6D0BC82A0A287200220360 /* ArchivingView.swift */,
			);
			path = "Archiving View";
			sourceTree = "<group>";
		};
/* End PBXGroup section */

/* Begin PBXNativeTarget section */
		AE37D5302A039605009B0F56 /* Chinggu */ = {
			isa = PBXNativeTarget;
			buildConfigurationList = AE37D53F2A039606009B0F56 /* Build configuration list for PBXNativeTarget "Chinggu" */;
			buildPhases = (
				AE37D52D2A039605009B0F56 /* Sources */,
				AE37D52E2A039605009B0F56 /* Frameworks */,
				AE37D52F2A039605009B0F56 /* Resources */,
			);
			buildRules = (
			);
			dependencies = (
			);
			name = Chinggu;
			packageProductDependencies = (
				70E68F0E2A0A888C00258A10 /* Lottie */,
			);
			productName = Chinggu;
			productReference = AE37D5312A039605009B0F56 /* Chinggu.app */;
			productType = "com.apple.product-type.application";
		};
/* End PBXNativeTarget section */

/* Begin PBXProject section */
		AE37D5292A039605009B0F56 /* Project object */ = {
			isa = PBXProject;
			attributes = {
				BuildIndependentTargetsInParallel = 1;
				LastSwiftUpdateCheck = 1430;
				LastUpgradeCheck = 1430;
				TargetAttributes = {
					AE37D5302A039605009B0F56 = {
						CreatedOnToolsVersion = 14.3;
					};
				};
			};
			buildConfigurationList = AE37D52C2A039605009B0F56 /* Build configuration list for PBXProject "Chinggu" */;
			compatibilityVersion = "Xcode 14.0";
			developmentRegion = en;
			hasScannedForEncodings = 0;
			knownRegions = (
				en,
				Base,
			);
			mainGroup = AE37D5282A039605009B0F56;
			packageReferences = (
				70E68F0D2A0A888C00258A10 /* XCRemoteSwiftPackageReference "lottie-ios" */,
			);
			productRefGroup = AE37D5322A039605009B0F56 /* Products */;
			projectDirPath = "";
			projectRoot = "";
			targets = (
				AE37D5302A039605009B0F56 /* Chinggu */,
			);
		};
/* End PBXProject section */

/* Begin PBXResourcesBuildPhase section */
		AE37D52F2A039605009B0F56 /* Resources */ = {
			isa = PBXResourcesBuildPhase;
			buildActionMask = 2147483647;
			files = (
				A93729882A0F6E5C00C79C04 /* onboarding_5.json in Resources */,
				A937298F2A0F6E5C00C79C04 /* onboarding_18.json in Resources */,
				A93729892A0F6E5C00C79C04 /* onboarding_6.json in Resources */,
				701094A62A0FA83D0019DEED /* cardBeforeAnimation.json in Resources */,
				70E68F122A0A906500258A10 /* cardAnimation.json in Resources */,
				AE37D53C2A039606009B0F56 /* Preview Assets.xcassets in Resources */,
				A937298B2A0F6E5C00C79C04 /* onboarding.json in Resources */,
				A93729862A0F6E5C00C79C04 /* onboarding_3.json in Resources */,
				A937298A2A0F6E5C00C79C04 /* onboarding_7.json in Resources */,
				A937298E2A0F6E5C00C79C04 /* onboarding_10.json in Resources */,
				AE37D5392A039606009B0F56 /* Assets.xcassets in Resources */,
				A93729872A0F6E5C00C79C04 /* onboarding_2(1).json in Resources */,
				70385ED32A07E00F001CDAB0 /* Color.xcassets in Resources */,
				A937298C2A0F6E5C00C79C04 /* onboarding_4.json in Resources */,
				A937298D2A0F6E5C00C79C04 /* onboarding_8.json in Resources */,
			);
			runOnlyForDeploymentPostprocessing = 0;
		};
/* End PBXResourcesBuildPhase section */

/* Begin PBXSourcesBuildPhase section */
		AE37D52D2A039605009B0F56 /* Sources */ = {
			isa = PBXSourcesBuildPhase;
			buildActionMask = 2147483647;
			files = (
				FB6D0BC92A0A287200220360 /* ArchivingView.swift in Sources */,
				FB6D0BCB2A0A35AD00220360 /* ArchivingDetailView.swift in Sources */,
				AE37D5372A039605009B0F56 /* ContentView.swift in Sources */,
				FBB8CFD92A0B908E00210F90 /* ArchivingCard.swift in Sources */,
				70C7977B2A04357F00E2E3AF /* CardView.swift in Sources */,
				70C7977D2A04357F00E2E3AF /* CardPopupView.swift in Sources */,
				70C7977F2A04391800E2E3AF /* TempMainView.swift in Sources */,
				A93729742A0F6E5100C79C04 /* Onboarding_2.swift in Sources */,
				70C7977C2A04357F00E2E3AF /* CardFullScreenView.swift in Sources */,
				A93729762A0F6E5100C79C04 /* Onboarding_10.swift in Sources */,
				A93729782A0F6E5100C79C04 /* Onboarding_7.swift in Sources */,
				A93729732A0F6E5100C79C04 /* Onboarding_9.swift in Sources */,
				70D706062A0FFFF0001D9203 /* Popup.swift in Sources */,
				70815E822A08950900DBE5B0 /* ComplimentModel.xcdatamodeld in Sources */,
				A93729792A0F6E5100C79C04 /* Onboarding_11.swift in Sources */,
				70B8FBA72A0D119B005B8366 /* ComplimentEntity+CoreDataClass.swift in Sources */,
				51D817182A08E59F00B84E6A /* WriteComplimentView.swift in Sources */,
				AE37D5452A063BD3009B0F56 /* MainView.swift in Sources */,
				70B8FBA82A0D119B005B8366 /* ComplimentEntity+CoreDataProperties.swift in Sources */,
				A93729772A0F6E5100C79C04 /* Onboarding_6.swift in Sources */,
				AE37D5352A039605009B0F56 /* ChingguApp.swift in Sources */,
				A93729712A0F6E5100C79C04 /* Onboarding_4.swift in Sources */,
				70385ED12A07DFEE001CDAB0 /* Color+Chinggu.swift in Sources */,
				A93729752A0F6E5100C79C04 /* Onboarding_8.swift in Sources */,
				A93729722A0F6E5100C79C04 /* Onboarding_5.swift in Sources */,
				A937297A2A0F6E5100C79C04 /* Onboarding_1.swift in Sources */,
				70385EDA2A07E60B001CDAB0 /* Date+Chinggu.swift in Sources */,
				70815E812A08950900DBE5B0 /* Persistence.swift in Sources */,
				A937297B2A0F6E5100C79C04 /* Onboarding_3.swift in Sources */,
				70E68F142A0A95FD00258A10 /* LottieView.swift in Sources */,
			);
			runOnlyForDeploymentPostprocessing = 0;
		};
/* End PBXSourcesBuildPhase section */

/* Begin XCBuildConfiguration section */
		AE37D53D2A039606009B0F56 /* Debug */ = {
			isa = XCBuildConfiguration;
			buildSettings = {
				ALWAYS_SEARCH_USER_PATHS = NO;
				CLANG_ANALYZER_NONNULL = YES;
				CLANG_ANALYZER_NUMBER_OBJECT_CONVERSION = YES_AGGRESSIVE;
				CLANG_CXX_LANGUAGE_STANDARD = "gnu++20";
				CLANG_ENABLE_MODULES = YES;
				CLANG_ENABLE_OBJC_ARC = YES;
				CLANG_ENABLE_OBJC_WEAK = YES;
				CLANG_WARN_BLOCK_CAPTURE_AUTORELEASING = YES;
				CLANG_WARN_BOOL_CONVERSION = YES;
				CLANG_WARN_COMMA = YES;
				CLANG_WARN_CONSTANT_CONVERSION = YES;
				CLANG_WARN_DEPRECATED_OBJC_IMPLEMENTATIONS = YES;
				CLANG_WARN_DIRECT_OBJC_ISA_USAGE = YES_ERROR;
				CLANG_WARN_DOCUMENTATION_COMMENTS = YES;
				CLANG_WARN_EMPTY_BODY = YES;
				CLANG_WARN_ENUM_CONVERSION = YES;
				CLANG_WARN_INFINITE_RECURSION = YES;
				CLANG_WARN_INT_CONVERSION = YES;
				CLANG_WARN_NON_LITERAL_NULL_CONVERSION = YES;
				CLANG_WARN_OBJC_IMPLICIT_RETAIN_SELF = YES;
				CLANG_WARN_OBJC_LITERAL_CONVERSION = YES;
				CLANG_WARN_OBJC_ROOT_CLASS = YES_ERROR;
				CLANG_WARN_QUOTED_INCLUDE_IN_FRAMEWORK_HEADER = YES;
				CLANG_WARN_RANGE_LOOP_ANALYSIS = YES;
				CLANG_WARN_STRICT_PROTOTYPES = YES;
				CLANG_WARN_SUSPICIOUS_MOVE = YES;
				CLANG_WARN_UNGUARDED_AVAILABILITY = YES_AGGRESSIVE;
				CLANG_WARN_UNREACHABLE_CODE = YES;
				CLANG_WARN__DUPLICATE_METHOD_MATCH = YES;
				COPY_PHASE_STRIP = NO;
				DEBUG_INFORMATION_FORMAT = dwarf;
				ENABLE_STRICT_OBJC_MSGSEND = YES;
				ENABLE_TESTABILITY = YES;
				GCC_C_LANGUAGE_STANDARD = gnu11;
				GCC_DYNAMIC_NO_PIC = NO;
				GCC_NO_COMMON_BLOCKS = YES;
				GCC_OPTIMIZATION_LEVEL = 0;
				GCC_PREPROCESSOR_DEFINITIONS = (
					"DEBUG=1",
					"$(inherited)",
				);
				GCC_WARN_64_TO_32_BIT_CONVERSION = YES;
				GCC_WARN_ABOUT_RETURN_TYPE = YES_ERROR;
				GCC_WARN_UNDECLARED_SELECTOR = YES;
				GCC_WARN_UNINITIALIZED_AUTOS = YES_AGGRESSIVE;
				GCC_WARN_UNUSED_FUNCTION = YES;
				GCC_WARN_UNUSED_VARIABLE = YES;
				IPHONEOS_DEPLOYMENT_TARGET = 16.1;
				MTL_ENABLE_DEBUG_INFO = INCLUDE_SOURCE;
				MTL_FAST_MATH = YES;
				ONLY_ACTIVE_ARCH = YES;
				SDKROOT = iphoneos;
				SWIFT_ACTIVE_COMPILATION_CONDITIONS = DEBUG;
				SWIFT_OPTIMIZATION_LEVEL = "-Onone";
			};
			name = Debug;
		};
		AE37D53E2A039606009B0F56 /* Release */ = {
			isa = XCBuildConfiguration;
			buildSettings = {
				ALWAYS_SEARCH_USER_PATHS = NO;
				CLANG_ANALYZER_NONNULL = YES;
				CLANG_ANALYZER_NUMBER_OBJECT_CONVERSION = YES_AGGRESSIVE;
				CLANG_CXX_LANGUAGE_STANDARD = "gnu++20";
				CLANG_ENABLE_MODULES = YES;
				CLANG_ENABLE_OBJC_ARC = YES;
				CLANG_ENABLE_OBJC_WEAK = YES;
				CLANG_WARN_BLOCK_CAPTURE_AUTORELEASING = YES;
				CLANG_WARN_BOOL_CONVERSION = YES;
				CLANG_WARN_COMMA = YES;
				CLANG_WARN_CONSTANT_CONVERSION = YES;
				CLANG_WARN_DEPRECATED_OBJC_IMPLEMENTATIONS = YES;
				CLANG_WARN_DIRECT_OBJC_ISA_USAGE = YES_ERROR;
				CLANG_WARN_DOCUMENTATION_COMMENTS = YES;
				CLANG_WARN_EMPTY_BODY = YES;
				CLANG_WARN_ENUM_CONVERSION = YES;
				CLANG_WARN_INFINITE_RECURSION = YES;
				CLANG_WARN_INT_CONVERSION = YES;
				CLANG_WARN_NON_LITERAL_NULL_CONVERSION = YES;
				CLANG_WARN_OBJC_IMPLICIT_RETAIN_SELF = YES;
				CLANG_WARN_OBJC_LITERAL_CONVERSION = YES;
				CLANG_WARN_OBJC_ROOT_CLASS = YES_ERROR;
				CLANG_WARN_QUOTED_INCLUDE_IN_FRAMEWORK_HEADER = YES;
				CLANG_WARN_RANGE_LOOP_ANALYSIS = YES;
				CLANG_WARN_STRICT_PROTOTYPES = YES;
				CLANG_WARN_SUSPICIOUS_MOVE = YES;
				CLANG_WARN_UNGUARDED_AVAILABILITY = YES_AGGRESSIVE;
				CLANG_WARN_UNREACHABLE_CODE = YES;
				CLANG_WARN__DUPLICATE_METHOD_MATCH = YES;
				COPY_PHASE_STRIP = NO;
				DEBUG_INFORMATION_FORMAT = "dwarf-with-dsym";
				ENABLE_NS_ASSERTIONS = NO;
				ENABLE_STRICT_OBJC_MSGSEND = YES;
				GCC_C_LANGUAGE_STANDARD = gnu11;
				GCC_NO_COMMON_BLOCKS = YES;
				GCC_WARN_64_TO_32_BIT_CONVERSION = YES;
				GCC_WARN_ABOUT_RETURN_TYPE = YES_ERROR;
				GCC_WARN_UNDECLARED_SELECTOR = YES;
				GCC_WARN_UNINITIALIZED_AUTOS = YES_AGGRESSIVE;
				GCC_WARN_UNUSED_FUNCTION = YES;
				GCC_WARN_UNUSED_VARIABLE = YES;
				IPHONEOS_DEPLOYMENT_TARGET = 16.1;
				MTL_ENABLE_DEBUG_INFO = NO;
				MTL_FAST_MATH = YES;
				SDKROOT = iphoneos;
				SWIFT_COMPILATION_MODE = wholemodule;
				SWIFT_OPTIMIZATION_LEVEL = "-O";
				VALIDATE_PRODUCT = YES;
			};
			name = Release;
		};
		AE37D5402A039606009B0F56 /* Debug */ = {
			isa = XCBuildConfiguration;
			buildSettings = {
				ASSETCATALOG_COMPILER_APPICON_NAME = AppIcon;
				ASSETCATALOG_COMPILER_GLOBAL_ACCENT_COLOR_NAME = AccentColor;
				CODE_SIGN_STYLE = Automatic;
				CURRENT_PROJECT_VERSION = 1;
				DEVELOPMENT_ASSET_PATHS = "\"Chinggu/Preview Content\"";
				DEVELOPMENT_TEAM = ULM4SQD73B;
				ENABLE_PREVIEWS = YES;
				GENERATE_INFOPLIST_FILE = YES;
				INFOPLIST_KEY_UIApplicationSceneManifest_Generation = YES;
				INFOPLIST_KEY_UIApplicationSupportsIndirectInputEvents = YES;
				INFOPLIST_KEY_UILaunchScreen_Generation = YES;
				INFOPLIST_KEY_UISupportedInterfaceOrientations_iPad = "UIInterfaceOrientationPortrait UIInterfaceOrientationPortraitUpsideDown UIInterfaceOrientationLandscapeLeft UIInterfaceOrientationLandscapeRight";
				INFOPLIST_KEY_UISupportedInterfaceOrientations_iPhone = "UIInterfaceOrientationPortrait UIInterfaceOrientationLandscapeLeft UIInterfaceOrientationLandscapeRight";
				IPHONEOS_DEPLOYMENT_TARGET = 16.1;
				LD_RUNPATH_SEARCH_PATHS = (
					"$(inherited)",
					"@executable_path/Frameworks",
				);
				MARKETING_VERSION = 1.0;
				PRODUCT_BUNDLE_IDENTIFIER = com.Ddojeon.Chinggu;
				PRODUCT_NAME = "$(TARGET_NAME)";
				SWIFT_EMIT_LOC_STRINGS = YES;
				SWIFT_VERSION = 5.0;
				TARGETED_DEVICE_FAMILY = "1,2";
			};
			name = Debug;
		};
		AE37D5412A039606009B0F56 /* Release */ = {
			isa = XCBuildConfiguration;
			buildSettings = {
				ASSETCATALOG_COMPILER_APPICON_NAME = AppIcon;
				ASSETCATALOG_COMPILER_GLOBAL_ACCENT_COLOR_NAME = AccentColor;
				CODE_SIGN_STYLE = Automatic;
				CURRENT_PROJECT_VERSION = 1;
				DEVELOPMENT_ASSET_PATHS = "\"Chinggu/Preview Content\"";
				DEVELOPMENT_TEAM = ULM4SQD73B;
				ENABLE_PREVIEWS = YES;
				GENERATE_INFOPLIST_FILE = YES;
				INFOPLIST_KEY_UIApplicationSceneManifest_Generation = YES;
				INFOPLIST_KEY_UIApplicationSupportsIndirectInputEvents = YES;
				INFOPLIST_KEY_UILaunchScreen_Generation = YES;
				INFOPLIST_KEY_UISupportedInterfaceOrientations_iPad = "UIInterfaceOrientationPortrait UIInterfaceOrientationPortraitUpsideDown UIInterfaceOrientationLandscapeLeft UIInterfaceOrientationLandscapeRight";
				INFOPLIST_KEY_UISupportedInterfaceOrientations_iPhone = "UIInterfaceOrientationPortrait UIInterfaceOrientationLandscapeLeft UIInterfaceOrientationLandscapeRight";
				IPHONEOS_DEPLOYMENT_TARGET = 16.1;
				LD_RUNPATH_SEARCH_PATHS = (
					"$(inherited)",
					"@executable_path/Frameworks",
				);
				MARKETING_VERSION = 1.0;
				PRODUCT_BUNDLE_IDENTIFIER = com.Ddojeon.Chinggu;
				PRODUCT_NAME = "$(TARGET_NAME)";
				SWIFT_EMIT_LOC_STRINGS = YES;
				SWIFT_VERSION = 5.0;
				TARGETED_DEVICE_FAMILY = "1,2";
			};
			name = Release;
		};
/* End XCBuildConfiguration section */

/* Begin XCConfigurationList section */
		AE37D52C2A039605009B0F56 /* Build configuration list for PBXProject "Chinggu" */ = {
			isa = XCConfigurationList;
			buildConfigurations = (
				AE37D53D2A039606009B0F56 /* Debug */,
				AE37D53E2A039606009B0F56 /* Release */,
			);
			defaultConfigurationIsVisible = 0;
			defaultConfigurationName = Release;
		};
		AE37D53F2A039606009B0F56 /* Build configuration list for PBXNativeTarget "Chinggu" */ = {
			isa = XCConfigurationList;
			buildConfigurations = (
				AE37D5402A039606009B0F56 /* Debug */,
				AE37D5412A039606009B0F56 /* Release */,
			);
			defaultConfigurationIsVisible = 0;
			defaultConfigurationName = Release;
		};
/* End XCConfigurationList section */

/* Begin XCRemoteSwiftPackageReference section */
		70E68F0D2A0A888C00258A10 /* XCRemoteSwiftPackageReference "lottie-ios" */ = {
			isa = XCRemoteSwiftPackageReference;
			repositoryURL = "https://github.com/airbnb/lottie-ios";
			requirement = {
				kind = upToNextMajorVersion;
				minimumVersion = 4.0.0;
			};
		};
/* End XCRemoteSwiftPackageReference section */

/* Begin XCSwiftPackageProductDependency section */
		70E68F0E2A0A888C00258A10 /* Lottie */ = {
			isa = XCSwiftPackageProductDependency;
			package = 70E68F0D2A0A888C00258A10 /* XCRemoteSwiftPackageReference "lottie-ios" */;
			productName = Lottie;
		};
/* End XCSwiftPackageProductDependency section */

/* Begin XCVersionGroup section */
		70815E7F2A08950900DBE5B0 /* ComplimentModel.xcdatamodeld */ = {
			isa = XCVersionGroup;
			children = (
				70815E802A08950900DBE5B0 /* ComplimentModel.xcdatamodel */,
			);
			currentVersion = 70815E802A08950900DBE5B0 /* ComplimentModel.xcdatamodel */;
			path = ComplimentModel.xcdatamodeld;
			sourceTree = "<group>";
			versionGroupType = wrapper.xcdatamodel;
		};
/* End XCVersionGroup section */
	};
	rootObject = AE37D5292A039605009B0F56 /* Project object */;
}
